// !$*UTF8*$!
{
	archiveVersion = 1;
	classes = {
	};
	objectVersion = 55;
	objects = {

/* Begin PBXBuildFile section */
		8480F498DAEF6240EF96EBA2 /* ExerciseFile.swift in Sources */ = {isa = PBXBuildFile; fileRef = 8480FFCE7C49D6C4D1D5E747 /* ExerciseFile.swift */; };
		8480F81F9F5140CC9D27E0BD /* SettingData.swift in Sources */ = {isa = PBXBuildFile; fileRef = 8480F02086E415F1B9F5DFD5 /* SettingData.swift */; };
		8480F9CE43AE1D26747C9075 /* ExerciseItem.swift in Sources */ = {isa = PBXBuildFile; fileRef = 8480F60001E12133BDACC877 /* ExerciseItem.swift */; };
		8480F9FD3914F01F80A4D8BC /* ExerciseViewModel.swift in Sources */ = {isa = PBXBuildFile; fileRef = 8480FA817ED8B79806C6C6AC /* ExerciseViewModel.swift */; };
		8480FFB00FCA20A0268145B0 /* ViewUtils.swift in Sources */ = {isa = PBXBuildFile; fileRef = 8480F0B036F1420E0B72C7BC /* ViewUtils.swift */; };
		E049F21A28E4D7B30022CECD /* ExerciseEditorView.swift in Sources */ = {isa = PBXBuildFile; fileRef = E049F21928E4D7B30022CECD /* ExerciseEditorView.swift */; };
		E049F22228E576510022CECD /* ExerciseNavigatorView.swift in Sources */ = {isa = PBXBuildFile; fileRef = E049F22128E576510022CECD /* ExerciseNavigatorView.swift */; };
		E049F22428E5766B0022CECD /* ExerciseRightSidebarView.swift in Sources */ = {isa = PBXBuildFile; fileRef = E049F22328E5766B0022CECD /* ExerciseRightSidebarView.swift */; };
		E09BA7EA28E4E83800D7CC91 /* ExerciseEditorWindowView.swift in Sources */ = {isa = PBXBuildFile; fileRef = E09BA7E928E4E83800D7CC91 /* ExerciseEditorWindowView.swift */; };
		E0C9673028732A44004CE7E6 /* ExercismApp.swift in Sources */ = {isa = PBXBuildFile; fileRef = E0C9672F28732A44004CE7E6 /* ExercismApp.swift */; };
		E0C9673228732A44004CE7E6 /* ContentView.swift in Sources */ = {isa = PBXBuildFile; fileRef = E0C9673128732A44004CE7E6 /* ContentView.swift */; };
		E0C9673428732A45004CE7E6 /* Assets.xcassets in Resources */ = {isa = PBXBuildFile; fileRef = E0C9673328732A45004CE7E6 /* Assets.xcassets */; };
		E0C9673728732A45004CE7E6 /* Preview Assets.xcassets in Resources */ = {isa = PBXBuildFile; fileRef = E0C9673628732A45004CE7E6 /* Preview Assets.xcassets */; };
		FD05C65528FE9ED0002087A9 /* FilterTableView.swift in Sources */ = {isa = PBXBuildFile; fileRef = FD9262FB28F6DAE700C9476C /* FilterTableView.swift */; };
		FD0B06F128F592E000FCA956 /* AppDelegate.swift in Sources */ = {isa = PBXBuildFile; fileRef = FD0B06F028F592E000FCA956 /* AppDelegate.swift */; };
		FD0B071228F5F77300FCA956 /* FilterView.swift in Sources */ = {isa = PBXBuildFile; fileRef = FD0B071128F5F77300FCA956 /* FilterView.swift */; };
		FD26AE4328DCC9C100DC902B /* ExercismTextField.swift in Sources */ = {isa = PBXBuildFile; fileRef = FD26AE4228DCC9C100DC902B /* ExercismTextField.swift */; };
		FD36807E29B09995004D53C8 /* ExerciseHeaderView.swift in Sources */ = {isa = PBXBuildFile; fileRef = FD36807D29B09995004D53C8 /* ExerciseHeaderView.swift */; };
		FD36808029B1054E004D53C8 /* CustomPicker.swift in Sources */ = {isa = PBXBuildFile; fileRef = FD36807F29B1054E004D53C8 /* CustomPicker.swift */; };
		FD4A77662987EC9400E29436 /* RoundedButton.swift in Sources */ = {isa = PBXBuildFile; fileRef = FD4A77642987E18E00E29436 /* RoundedButton.swift */; };
		FD57BB502930C0C2006D0B9C /* ExerciseGridView.swift in Sources */ = {isa = PBXBuildFile; fileRef = FD57BB4F2930C0C2006D0B9C /* ExerciseGridView.swift */; };
		FD60770D292E28D600A95E17 /* AppCoordinator.swift in Sources */ = {isa = PBXBuildFile; fileRef = FD60770C292E28D600A95E17 /* AppCoordinator.swift */; };
		FD8F30E028DCE330007B98DB /* DashBoard.swift in Sources */ = {isa = PBXBuildFile; fileRef = FD8F30DF28DCE330007B98DB /* DashBoard.swift */; };
		FD9262FF28F6EA3300C9476C /* Tags.json in Resources */ = {isa = PBXBuildFile; fileRef = FD9262FE28F6EA3300C9476C /* Tags.json */; };
		FD93F5C228E1E3260078A062 /* TracksListView.swift in Sources */ = {isa = PBXBuildFile; fileRef = FD93F5C128E1E3260078A062 /* TracksListView.swift */; };
		FD93F5C428E1E5BC0078A062 /* TrackGridView.swift in Sources */ = {isa = PBXBuildFile; fileRef = FD93F5C328E1E5BC0078A062 /* TrackGridView.swift */; };
		FD93F5D728E398770078A062 /* Date+Exercism.swift in Sources */ = {isa = PBXBuildFile; fileRef = FD93F5D628E398770078A062 /* Date+Exercism.swift */; };
		FD9A187729113DFB006A28E7 /* CodeEditor in Frameworks */ = {isa = PBXBuildFile; productRef = FD9A187629113DFB006A28E7 /* CodeEditor */; };
		FDABC23A292BCC5200A2AB72 /* ExercisesList.swift in Sources */ = {isa = PBXBuildFile; fileRef = FDABC239292BCC5200A2AB72 /* ExercisesList.swift */; };
		FDB6695E28E1B3320062FC2D /* LoginView.swift in Sources */ = {isa = PBXBuildFile; fileRef = FDB6695D28E1B3320062FC2D /* LoginView.swift */; };
		FDC9F11F28E5DA9200488CE9 /* KeychainSwift in Frameworks */ = {isa = PBXBuildFile; productRef = FDC9F11E28E5DA9200488CE9 /* KeychainSwift */; };
		FDC9F12128E5DC7F00488CE9 /* KeychainHelper.swift in Sources */ = {isa = PBXBuildFile; fileRef = FDC9F12028E5DC7F00488CE9 /* KeychainHelper.swift */; };
		FDC9F12428E5E6C800488CE9 /* SDWebImage in Frameworks */ = {isa = PBXBuildFile; productRef = FDC9F12328E5E6C800488CE9 /* SDWebImage */; };
		FDC9F12728E5E71900488CE9 /* SDWebImageSVGCoder in Frameworks */ = {isa = PBXBuildFile; productRef = FDC9F12628E5E71900488CE9 /* SDWebImageSVGCoder */; };
		FDC9F12A28E5E86500488CE9 /* SDWebImageSwiftUI in Frameworks */ = {isa = PBXBuildFile; productRef = FDC9F12928E5E86500488CE9 /* SDWebImageSwiftUI */; };
		FDD4575128DA474200B3834F /* Color.xcassets in Resources */ = {isa = PBXBuildFile; fileRef = FDD4575028DA474200B3834F /* Color.xcassets */; };
		FDDAEB5A29B6667300C6F938 /* TrackModel.swift in Sources */ = {isa = PBXBuildFile; fileRef = FDDAEB5929B6667300C6F938 /* TrackModel.swift */; };
		FDE27F26298FC5CE00F61A0A /* ProfileTableView.swift in Sources */ = {isa = PBXBuildFile; fileRef = FDE27F25298FC5CE00F61A0A /* ProfileTableView.swift */; };
		FDEC77032892FC2A0093F764 /* ExercismSwift in Frameworks */ = {isa = PBXBuildFile; productRef = FDEC77022892FC2A0093F764 /* ExercismSwift */; };
/* End PBXBuildFile section */

/* Begin PBXFileReference section */
		8480F02086E415F1B9F5DFD5 /* SettingData.swift */ = {isa = PBXFileReference; fileEncoding = 4; lastKnownFileType = sourcecode.swift; path = SettingData.swift; sourceTree = "<group>"; };
		8480F0B036F1420E0B72C7BC /* ViewUtils.swift */ = {isa = PBXFileReference; fileEncoding = 4; lastKnownFileType = sourcecode.swift; path = ViewUtils.swift; sourceTree = "<group>"; };
		8480F60001E12133BDACC877 /* ExerciseItem.swift */ = {isa = PBXFileReference; fileEncoding = 4; lastKnownFileType = sourcecode.swift; path = ExerciseItem.swift; sourceTree = "<group>"; };
		8480FA817ED8B79806C6C6AC /* ExerciseViewModel.swift */ = {isa = PBXFileReference; fileEncoding = 4; lastKnownFileType = sourcecode.swift; path = ExerciseViewModel.swift; sourceTree = "<group>"; };
		8480FFCE7C49D6C4D1D5E747 /* ExerciseFile.swift */ = {isa = PBXFileReference; fileEncoding = 4; lastKnownFileType = sourcecode.swift; path = ExerciseFile.swift; sourceTree = "<group>"; };
		E049F21928E4D7B30022CECD /* ExerciseEditorView.swift */ = {isa = PBXFileReference; lastKnownFileType = sourcecode.swift; path = ExerciseEditorView.swift; sourceTree = "<group>"; };
		E049F22128E576510022CECD /* ExerciseNavigatorView.swift */ = {isa = PBXFileReference; lastKnownFileType = sourcecode.swift; path = ExerciseNavigatorView.swift; sourceTree = "<group>"; };
		E049F22328E5766B0022CECD /* ExerciseRightSidebarView.swift */ = {isa = PBXFileReference; lastKnownFileType = sourcecode.swift; path = ExerciseRightSidebarView.swift; sourceTree = "<group>"; };
		E09BA7E928E4E83800D7CC91 /* ExerciseEditorWindowView.swift */ = {isa = PBXFileReference; lastKnownFileType = sourcecode.swift; path = ExerciseEditorWindowView.swift; sourceTree = "<group>"; };
		E0C9672C28732A44004CE7E6 /* Exercism.app */ = {isa = PBXFileReference; explicitFileType = wrapper.application; includeInIndex = 0; path = Exercism.app; sourceTree = BUILT_PRODUCTS_DIR; };
		E0C9672F28732A44004CE7E6 /* ExercismApp.swift */ = {isa = PBXFileReference; lastKnownFileType = sourcecode.swift; path = ExercismApp.swift; sourceTree = "<group>"; };
		E0C9673128732A44004CE7E6 /* ContentView.swift */ = {isa = PBXFileReference; lastKnownFileType = sourcecode.swift; path = ContentView.swift; sourceTree = "<group>"; };
		E0C9673328732A45004CE7E6 /* Assets.xcassets */ = {isa = PBXFileReference; lastKnownFileType = folder.assetcatalog; path = Assets.xcassets; sourceTree = "<group>"; };
		E0C9673628732A45004CE7E6 /* Preview Assets.xcassets */ = {isa = PBXFileReference; lastKnownFileType = folder.assetcatalog; path = "Preview Assets.xcassets"; sourceTree = "<group>"; };
		E0C9673828732A45004CE7E6 /* Exercism.entitlements */ = {isa = PBXFileReference; lastKnownFileType = text.plist.entitlements; path = Exercism.entitlements; sourceTree = "<group>"; };
		E0C9673F28732C49004CE7E6 /* ExercismSwift */ = {isa = PBXFileReference; lastKnownFileType = wrapper; name = ExercismSwift; path = ../../ExercismSwift; sourceTree = "<group>"; };
		FD0B06F028F592E000FCA956 /* AppDelegate.swift */ = {isa = PBXFileReference; lastKnownFileType = sourcecode.swift; path = AppDelegate.swift; sourceTree = "<group>"; };
		FD0B071128F5F77300FCA956 /* FilterView.swift */ = {isa = PBXFileReference; lastKnownFileType = sourcecode.swift; path = FilterView.swift; sourceTree = "<group>"; };
		FD26AE4228DCC9C100DC902B /* ExercismTextField.swift */ = {isa = PBXFileReference; lastKnownFileType = sourcecode.swift; path = ExercismTextField.swift; sourceTree = "<group>"; };
		FD36807D29B09995004D53C8 /* ExerciseHeaderView.swift */ = {isa = PBXFileReference; lastKnownFileType = sourcecode.swift; path = ExerciseHeaderView.swift; sourceTree = "<group>"; };
		FD36807F29B1054E004D53C8 /* CustomPicker.swift */ = {isa = PBXFileReference; lastKnownFileType = sourcecode.swift; path = CustomPicker.swift; sourceTree = "<group>"; };
		FD4A77642987E18E00E29436 /* RoundedButton.swift */ = {isa = PBXFileReference; lastKnownFileType = sourcecode.swift; path = RoundedButton.swift; sourceTree = "<group>"; };
		FD57BB4F2930C0C2006D0B9C /* ExerciseGridView.swift */ = {isa = PBXFileReference; lastKnownFileType = sourcecode.swift; path = ExerciseGridView.swift; sourceTree = "<group>"; };
		FD60770C292E28D600A95E17 /* AppCoordinator.swift */ = {isa = PBXFileReference; lastKnownFileType = sourcecode.swift; path = AppCoordinator.swift; sourceTree = "<group>"; };
		FD8F30DF28DCE330007B98DB /* DashBoard.swift */ = {isa = PBXFileReference; lastKnownFileType = sourcecode.swift; path = DashBoard.swift; sourceTree = "<group>"; };
		FD9262FB28F6DAE700C9476C /* FilterTableView.swift */ = {isa = PBXFileReference; lastKnownFileType = sourcecode.swift; path = FilterTableView.swift; sourceTree = "<group>"; };
		FD9262FE28F6EA3300C9476C /* Tags.json */ = {isa = PBXFileReference; lastKnownFileType = text.json; path = Tags.json; sourceTree = "<group>"; };
		FD93F5C128E1E3260078A062 /* TracksListView.swift */ = {isa = PBXFileReference; lastKnownFileType = sourcecode.swift; path = TracksListView.swift; sourceTree = "<group>"; };
		FD93F5C328E1E5BC0078A062 /* TrackGridView.swift */ = {isa = PBXFileReference; lastKnownFileType = sourcecode.swift; path = TrackGridView.swift; sourceTree = "<group>"; };
		FD93F5D628E398770078A062 /* Date+Exercism.swift */ = {isa = PBXFileReference; lastKnownFileType = sourcecode.swift; path = "Date+Exercism.swift"; sourceTree = "<group>"; };
		FDABC239292BCC5200A2AB72 /* ExercisesList.swift */ = {isa = PBXFileReference; lastKnownFileType = sourcecode.swift; path = ExercisesList.swift; sourceTree = "<group>"; };
		FDB6695D28E1B3320062FC2D /* LoginView.swift */ = {isa = PBXFileReference; lastKnownFileType = sourcecode.swift; path = LoginView.swift; sourceTree = "<group>"; };
		FDC9F12028E5DC7F00488CE9 /* KeychainHelper.swift */ = {isa = PBXFileReference; lastKnownFileType = sourcecode.swift; path = KeychainHelper.swift; sourceTree = "<group>"; };
		FDD4575028DA474200B3834F /* Color.xcassets */ = {isa = PBXFileReference; lastKnownFileType = folder.assetcatalog; path = Color.xcassets; sourceTree = "<group>"; };
		FDDAEB5929B6667300C6F938 /* TrackModel.swift */ = {isa = PBXFileReference; lastKnownFileType = sourcecode.swift; path = TrackModel.swift; sourceTree = "<group>"; };
		FDE27F25298FC5CE00F61A0A /* ProfileTableView.swift */ = {isa = PBXFileReference; lastKnownFileType = sourcecode.swift; path = ProfileTableView.swift; sourceTree = "<group>"; };
/* End PBXFileReference section */

/* Begin PBXFrameworksBuildPhase section */
		E0C9672928732A44004CE7E6 /* Frameworks */ = {
			isa = PBXFrameworksBuildPhase;
			buildActionMask = 2147483647;
			files = (
				FDC9F12A28E5E86500488CE9 /* SDWebImageSwiftUI in Frameworks */,
				FDC9F12428E5E6C800488CE9 /* SDWebImage in Frameworks */,
				FDC9F11F28E5DA9200488CE9 /* KeychainSwift in Frameworks */,
				FDEC77032892FC2A0093F764 /* ExercismSwift in Frameworks */,
				FD9A187729113DFB006A28E7 /* CodeEditor in Frameworks */,
				FDC9F12728E5E71900488CE9 /* SDWebImageSVGCoder in Frameworks */,
			);
			runOnlyForDeploymentPostprocessing = 0;
		};
/* End PBXFrameworksBuildPhase section */

/* Begin PBXGroup section */
		8480FA93EBE24774C8AC6D8E /* Exercises */ = {
			isa = PBXGroup;
			children = (
				E049F21928E4D7B30022CECD /* ExerciseEditorView.swift */,
				E09BA7E928E4E83800D7CC91 /* ExerciseEditorWindowView.swift */,
				E049F22128E576510022CECD /* ExerciseNavigatorView.swift */,
				E049F22328E5766B0022CECD /* ExerciseRightSidebarView.swift */,
				8480FFCE7C49D6C4D1D5E747 /* ExerciseFile.swift */,
				8480F60001E12133BDACC877 /* ExerciseItem.swift */,
				8480FA817ED8B79806C6C6AC /* ExerciseViewModel.swift */,
			);
			path = Exercises;
			sourceTree = "<group>";
		};
		E0C9672328732A44004CE7E6 = {
			isa = PBXGroup;
			children = (
				FD9262FE28F6EA3300C9476C /* Tags.json */,
				E0C9672E28732A44004CE7E6 /* Exercism */,
				E0C9672D28732A44004CE7E6 /* Products */,
			);
			sourceTree = "<group>";
		};
		E0C9672D28732A44004CE7E6 /* Products */ = {
			isa = PBXGroup;
			children = (
				E0C9672C28732A44004CE7E6 /* Exercism.app */,
			);
			name = Products;
			sourceTree = "<group>";
		};
		E0C9672E28732A44004CE7E6 /* Exercism */ = {
			isa = PBXGroup;
			children = (
				E0C9673F28732C49004CE7E6 /* ExercismSwift */,
				E0C9672F28732A44004CE7E6 /* ExercismApp.swift */,
				FD93F5BC28E1E0BD0078A062 /* Tracks */,
				FD26AE4228DCC9C100DC902B /* ExercismTextField.swift */,
				E0C9673128732A44004CE7E6 /* ContentView.swift */,
				FD8F30DF28DCE330007B98DB /* DashBoard.swift */,
				E0C9673328732A45004CE7E6 /* Assets.xcassets */,
				E0C9673828732A45004CE7E6 /* Exercism.entitlements */,
				E0C9673528732A45004CE7E6 /* Preview Content */,
				FDD4575028DA474200B3834F /* Color.xcassets */,
				FDB6695D28E1B3320062FC2D /* LoginView.swift */,
				8480FA93EBE24774C8AC6D8E /* Exercises */,
				8480F0B036F1420E0B72C7BC /* ViewUtils.swift */,
				8480F02086E415F1B9F5DFD5 /* SettingData.swift */,
				FDC9F12028E5DC7F00488CE9 /* KeychainHelper.swift */,
				FD0B06F028F592E000FCA956 /* AppDelegate.swift */,
				FD0B071128F5F77300FCA956 /* FilterView.swift */,
				FD9262FB28F6DAE700C9476C /* FilterTableView.swift */,
				FDABC23D292BCDC000A2AB72 /* ExerciseList */,
				FD60770C292E28D600A95E17 /* AppCoordinator.swift */,
				FD4A77642987E18E00E29436 /* RoundedButton.swift */,
				FDE27F25298FC5CE00F61A0A /* ProfileTableView.swift */,
				FDDAEB5929B6667300C6F938 /* TrackModel.swift */,
			);
			path = Exercism;
			sourceTree = "<group>";
		};
		E0C9673528732A45004CE7E6 /* Preview Content */ = {
			isa = PBXGroup;
			children = (
				E0C9673628732A45004CE7E6 /* Preview Assets.xcassets */,
			);
			path = "Preview Content";
			sourceTree = "<group>";
		};
		FD93F5BC28E1E0BD0078A062 /* Tracks */ = {
			isa = PBXGroup;
			children = (
				FD93F5C128E1E3260078A062 /* TracksListView.swift */,
				FD93F5C328E1E5BC0078A062 /* TrackGridView.swift */,
				FD93F5D628E398770078A062 /* Date+Exercism.swift */,
			);
			path = Tracks;
			sourceTree = "<group>";
		};
		FDABC23D292BCDC000A2AB72 /* ExerciseList */ = {
			isa = PBXGroup;
			children = (
				FDABC239292BCC5200A2AB72 /* ExercisesList.swift */,
				FD57BB4F2930C0C2006D0B9C /* ExerciseGridView.swift */,
				FD36807D29B09995004D53C8 /* ExerciseHeaderView.swift */,
				FD36807F29B1054E004D53C8 /* CustomPicker.swift */,
			);
			path = ExerciseList;
			sourceTree = "<group>";
		};
/* End PBXGroup section */

/* Begin PBXNativeTarget section */
		E0C9672B28732A44004CE7E6 /* Exercism */ = {
			isa = PBXNativeTarget;
			buildConfigurationList = E0C9673B28732A45004CE7E6 /* Build configuration list for PBXNativeTarget "Exercism" */;
			buildPhases = (
				E0C9672828732A44004CE7E6 /* Sources */,
				E0C9672928732A44004CE7E6 /* Frameworks */,
				E0C9672A28732A44004CE7E6 /* Resources */,
			);
			buildRules = (
			);
			dependencies = (
			);
			name = Exercism;
			packageProductDependencies = (
				FDEC77022892FC2A0093F764 /* ExercismSwift */,
				FDC9F11E28E5DA9200488CE9 /* KeychainSwift */,
				FDC9F12328E5E6C800488CE9 /* SDWebImage */,
				FDC9F12628E5E71900488CE9 /* SDWebImageSVGCoder */,
				FDC9F12928E5E86500488CE9 /* SDWebImageSwiftUI */,
				FD9A187629113DFB006A28E7 /* CodeEditor */,
			);
			productName = Exercism;
			productReference = E0C9672C28732A44004CE7E6 /* Exercism.app */;
			productType = "com.apple.product-type.application";
		};
/* End PBXNativeTarget section */

/* Begin PBXProject section */
		E0C9672428732A44004CE7E6 /* Project object */ = {
			isa = PBXProject;
			attributes = {
				BuildIndependentTargetsInParallel = 1;
				LastSwiftUpdateCheck = 1340;
				LastUpgradeCheck = 1400;
				TargetAttributes = {
					E0C9672B28732A44004CE7E6 = {
						CreatedOnToolsVersion = 13.4.1;
					};
				};
			};
			buildConfigurationList = E0C9672728732A44004CE7E6 /* Build configuration list for PBXProject "Exercism" */;
			compatibilityVersion = "Xcode 13.0";
			developmentRegion = en;
			hasScannedForEncodings = 0;
			knownRegions = (
				en,
				Base,
			);
			mainGroup = E0C9672328732A44004CE7E6;
			packageReferences = (
				FDEC77012892FC2A0093F764 /* XCRemoteSwiftPackageReference "ExercismSwift" */,
				FDC9F11D28E5DA9200488CE9 /* XCRemoteSwiftPackageReference "keychain-swift" */,
				FDC9F12228E5E6C800488CE9 /* XCRemoteSwiftPackageReference "SDWebImage" */,
				FDC9F12528E5E71900488CE9 /* XCRemoteSwiftPackageReference "SDWebImageSVGCoder" */,
				FDC9F12828E5E86500488CE9 /* XCRemoteSwiftPackageReference "SDWebImageSwiftUI" */,
				FD9A187529113DFB006A28E7 /* XCRemoteSwiftPackageReference "CodeEditor" */,
			);
			productRefGroup = E0C9672D28732A44004CE7E6 /* Products */;
			projectDirPath = "";
			projectRoot = "";
			targets = (
				E0C9672B28732A44004CE7E6 /* Exercism */,
			);
		};
/* End PBXProject section */

/* Begin PBXResourcesBuildPhase section */
		E0C9672A28732A44004CE7E6 /* Resources */ = {
			isa = PBXResourcesBuildPhase;
			buildActionMask = 2147483647;
			files = (
				FD9262FF28F6EA3300C9476C /* Tags.json in Resources */,
				E0C9673728732A45004CE7E6 /* Preview Assets.xcassets in Resources */,
				E0C9673428732A45004CE7E6 /* Assets.xcassets in Resources */,
				FDD4575128DA474200B3834F /* Color.xcassets in Resources */,
			);
			runOnlyForDeploymentPostprocessing = 0;
		};
/* End PBXResourcesBuildPhase section */

/* Begin PBXSourcesBuildPhase section */
		E0C9672828732A44004CE7E6 /* Sources */ = {
			isa = PBXSourcesBuildPhase;
			buildActionMask = 2147483647;
			files = (
				E049F21A28E4D7B30022CECD /* ExerciseEditorView.swift in Sources */,
				FD36807E29B09995004D53C8 /* ExerciseHeaderView.swift in Sources */,
				FDE27F26298FC5CE00F61A0A /* ProfileTableView.swift in Sources */,
				FD0B071228F5F77300FCA956 /* FilterView.swift in Sources */,
				FD60770D292E28D600A95E17 /* AppCoordinator.swift in Sources */,
				FD0B06F128F592E000FCA956 /* AppDelegate.swift in Sources */,
				FD26AE4328DCC9C100DC902B /* ExercismTextField.swift in Sources */,
				E0C9673228732A44004CE7E6 /* ContentView.swift in Sources */,
				FD93F5C228E1E3260078A062 /* TracksListView.swift in Sources */,
				FD8F30E028DCE330007B98DB /* DashBoard.swift in Sources */,
				E049F22228E576510022CECD /* ExerciseNavigatorView.swift in Sources */,
				FD05C65528FE9ED0002087A9 /* FilterTableView.swift in Sources */,
				FD4A77662987EC9400E29436 /* RoundedButton.swift in Sources */,
				FDC9F12128E5DC7F00488CE9 /* KeychainHelper.swift in Sources */,
				FDB6695E28E1B3320062FC2D /* LoginView.swift in Sources */,
				FD93F5D728E398770078A062 /* Date+Exercism.swift in Sources */,
				FDDAEB5A29B6667300C6F938 /* TrackModel.swift in Sources */,
				E049F22428E5766B0022CECD /* ExerciseRightSidebarView.swift in Sources */,
				E0C9673028732A44004CE7E6 /* ExercismApp.swift in Sources */,
				FD36808029B1054E004D53C8 /* CustomPicker.swift in Sources */,
				FD93F5C428E1E5BC0078A062 /* TrackGridView.swift in Sources */,
				E09BA7EA28E4E83800D7CC91 /* ExerciseEditorWindowView.swift in Sources */,
				8480F498DAEF6240EF96EBA2 /* ExerciseFile.swift in Sources */,
				8480F9CE43AE1D26747C9075 /* ExerciseItem.swift in Sources */,
				8480F9FD3914F01F80A4D8BC /* ExerciseViewModel.swift in Sources */,
				FD57BB502930C0C2006D0B9C /* ExerciseGridView.swift in Sources */,
				FDABC23A292BCC5200A2AB72 /* ExercisesList.swift in Sources */,
				8480FFB00FCA20A0268145B0 /* ViewUtils.swift in Sources */,
				8480F81F9F5140CC9D27E0BD /* SettingData.swift in Sources */,
			);
			runOnlyForDeploymentPostprocessing = 0;
		};
/* End PBXSourcesBuildPhase section */

/* Begin XCBuildConfiguration section */
		E0C9673928732A45004CE7E6 /* Debug */ = {
			isa = XCBuildConfiguration;
			buildSettings = {
				ALWAYS_SEARCH_USER_PATHS = NO;
				ARCHS = "$(ARCHS_STANDARD)";
				CLANG_ANALYZER_NONNULL = YES;
				CLANG_ANALYZER_NUMBER_OBJECT_CONVERSION = YES_AGGRESSIVE;
				CLANG_CXX_LANGUAGE_STANDARD = "gnu++17";
				CLANG_ENABLE_MODULES = YES;
				CLANG_ENABLE_OBJC_ARC = YES;
				CLANG_ENABLE_OBJC_WEAK = YES;
				CLANG_WARN_BLOCK_CAPTURE_AUTORELEASING = YES;
				CLANG_WARN_BOOL_CONVERSION = YES;
				CLANG_WARN_COMMA = YES;
				CLANG_WARN_CONSTANT_CONVERSION = YES;
				CLANG_WARN_DEPRECATED_OBJC_IMPLEMENTATIONS = YES;
				CLANG_WARN_DIRECT_OBJC_ISA_USAGE = YES_ERROR;
				CLANG_WARN_DOCUMENTATION_COMMENTS = YES;
				CLANG_WARN_EMPTY_BODY = YES;
				CLANG_WARN_ENUM_CONVERSION = YES;
				CLANG_WARN_INFINITE_RECURSION = YES;
				CLANG_WARN_INT_CONVERSION = YES;
				CLANG_WARN_NON_LITERAL_NULL_CONVERSION = YES;
				CLANG_WARN_OBJC_IMPLICIT_RETAIN_SELF = YES;
				CLANG_WARN_OBJC_LITERAL_CONVERSION = YES;
				CLANG_WARN_OBJC_ROOT_CLASS = YES_ERROR;
				CLANG_WARN_QUOTED_INCLUDE_IN_FRAMEWORK_HEADER = YES;
				CLANG_WARN_RANGE_LOOP_ANALYSIS = YES;
				CLANG_WARN_STRICT_PROTOTYPES = YES;
				CLANG_WARN_SUSPICIOUS_MOVE = YES;
				CLANG_WARN_UNGUARDED_AVAILABILITY = YES_AGGRESSIVE;
				CLANG_WARN_UNREACHABLE_CODE = YES;
				CLANG_WARN__DUPLICATE_METHOD_MATCH = YES;
				COPY_PHASE_STRIP = NO;
				DEAD_CODE_STRIPPING = YES;
				DEBUG_INFORMATION_FORMAT = dwarf;
				ENABLE_STRICT_OBJC_MSGSEND = YES;
				ENABLE_TESTABILITY = YES;
				GCC_C_LANGUAGE_STANDARD = gnu11;
				GCC_DYNAMIC_NO_PIC = NO;
				GCC_NO_COMMON_BLOCKS = YES;
				GCC_OPTIMIZATION_LEVEL = 0;
				GCC_PREPROCESSOR_DEFINITIONS = (
					"DEBUG=1",
					"$(inherited)",
				);
				GCC_WARN_64_TO_32_BIT_CONVERSION = YES;
				GCC_WARN_ABOUT_RETURN_TYPE = YES_ERROR;
				GCC_WARN_UNDECLARED_SELECTOR = YES;
				GCC_WARN_UNINITIALIZED_AUTOS = YES_AGGRESSIVE;
				GCC_WARN_UNUSED_FUNCTION = YES;
				GCC_WARN_UNUSED_VARIABLE = YES;
				MACOSX_DEPLOYMENT_TARGET = 12.3;
				MTL_ENABLE_DEBUG_INFO = INCLUDE_SOURCE;
				MTL_FAST_MATH = YES;
				ONLY_ACTIVE_ARCH = YES;
				SDKROOT = macosx;
				SWIFT_ACTIVE_COMPILATION_CONDITIONS = DEBUG;
				SWIFT_OPTIMIZATION_LEVEL = "-Onone";
			};
			name = Debug;
		};
		E0C9673A28732A45004CE7E6 /* Release */ = {
			isa = XCBuildConfiguration;
			buildSettings = {
				ALWAYS_SEARCH_USER_PATHS = NO;
				ARCHS = "$(ARCHS_STANDARD)";
				CLANG_ANALYZER_NONNULL = YES;
				CLANG_ANALYZER_NUMBER_OBJECT_CONVERSION = YES_AGGRESSIVE;
				CLANG_CXX_LANGUAGE_STANDARD = "gnu++17";
				CLANG_ENABLE_MODULES = YES;
				CLANG_ENABLE_OBJC_ARC = YES;
				CLANG_ENABLE_OBJC_WEAK = YES;
				CLANG_WARN_BLOCK_CAPTURE_AUTORELEASING = YES;
				CLANG_WARN_BOOL_CONVERSION = YES;
				CLANG_WARN_COMMA = YES;
				CLANG_WARN_CONSTANT_CONVERSION = YES;
				CLANG_WARN_DEPRECATED_OBJC_IMPLEMENTATIONS = YES;
				CLANG_WARN_DIRECT_OBJC_ISA_USAGE = YES_ERROR;
				CLANG_WARN_DOCUMENTATION_COMMENTS = YES;
				CLANG_WARN_EMPTY_BODY = YES;
				CLANG_WARN_ENUM_CONVERSION = YES;
				CLANG_WARN_INFINITE_RECURSION = YES;
				CLANG_WARN_INT_CONVERSION = YES;
				CLANG_WARN_NON_LITERAL_NULL_CONVERSION = YES;
				CLANG_WARN_OBJC_IMPLICIT_RETAIN_SELF = YES;
				CLANG_WARN_OBJC_LITERAL_CONVERSION = YES;
				CLANG_WARN_OBJC_ROOT_CLASS = YES_ERROR;
				CLANG_WARN_QUOTED_INCLUDE_IN_FRAMEWORK_HEADER = YES;
				CLANG_WARN_RANGE_LOOP_ANALYSIS = YES;
				CLANG_WARN_STRICT_PROTOTYPES = YES;
				CLANG_WARN_SUSPICIOUS_MOVE = YES;
				CLANG_WARN_UNGUARDED_AVAILABILITY = YES_AGGRESSIVE;
				CLANG_WARN_UNREACHABLE_CODE = YES;
				CLANG_WARN__DUPLICATE_METHOD_MATCH = YES;
				COPY_PHASE_STRIP = NO;
				DEAD_CODE_STRIPPING = YES;
				DEBUG_INFORMATION_FORMAT = "dwarf-with-dsym";
				ENABLE_NS_ASSERTIONS = NO;
				ENABLE_STRICT_OBJC_MSGSEND = YES;
				GCC_C_LANGUAGE_STANDARD = gnu11;
				GCC_NO_COMMON_BLOCKS = YES;
				GCC_WARN_64_TO_32_BIT_CONVERSION = YES;
				GCC_WARN_ABOUT_RETURN_TYPE = YES_ERROR;
				GCC_WARN_UNDECLARED_SELECTOR = YES;
				GCC_WARN_UNINITIALIZED_AUTOS = YES_AGGRESSIVE;
				GCC_WARN_UNUSED_FUNCTION = YES;
				GCC_WARN_UNUSED_VARIABLE = YES;
				MACOSX_DEPLOYMENT_TARGET = 12.3;
				MTL_ENABLE_DEBUG_INFO = NO;
				MTL_FAST_MATH = YES;
				ONLY_ACTIVE_ARCH = NO;
				SDKROOT = macosx;
				SWIFT_COMPILATION_MODE = wholemodule;
				SWIFT_OPTIMIZATION_LEVEL = "-O";
			};
			name = Release;
		};
		E0C9673C28732A45004CE7E6 /* Debug */ = {
			isa = XCBuildConfiguration;
			buildSettings = {
				ASSETCATALOG_COMPILER_APPICON_NAME = AppIcon;
				ASSETCATALOG_COMPILER_GLOBAL_ACCENT_COLOR_NAME = AccentColor;
				CODE_SIGN_ENTITLEMENTS = Exercism/Exercism.entitlements;
				CODE_SIGN_IDENTITY = "Apple Development";
				CODE_SIGN_STYLE = Automatic;
				COMBINE_HIDPI_IMAGES = YES;
				CURRENT_PROJECT_VERSION = 1;
				DEAD_CODE_STRIPPING = YES;
				DEVELOPMENT_ASSET_PATHS = "\"Exercism/Preview Content\"";
				DEVELOPMENT_TEAM = QJZFLHT2R4;
				ENABLE_HARDENED_RUNTIME = YES;
				ENABLE_PREVIEWS = YES;
				GENERATE_INFOPLIST_FILE = YES;
				INFOPLIST_KEY_NSHumanReadableCopyright = "";
				LD_RUNPATH_SEARCH_PATHS = (
					"$(inherited)",
					"@executable_path/../Frameworks",
				);
				MACOSX_DEPLOYMENT_TARGET = 13.0;
				MARKETING_VERSION = 1.0;
				ONLY_ACTIVE_ARCH = YES;
				OTHER_LDFLAGS = "$(inherited)";
				PRODUCT_BUNDLE_IDENTIFIER = "com.apps-fab.exercism.Exercism";
				PRODUCT_NAME = "$(TARGET_NAME)";
				SWIFT_EMIT_LOC_STRINGS = YES;
				SWIFT_VERSION = 5.0;
				VALIDATE_PRODUCT = NO;
			};
			name = Debug;
		};
		E0C9673D28732A45004CE7E6 /* Release */ = {
			isa = XCBuildConfiguration;
			buildSettings = {
				ASSETCATALOG_COMPILER_APPICON_NAME = AppIcon;
				ASSETCATALOG_COMPILER_GLOBAL_ACCENT_COLOR_NAME = AccentColor;
				CODE_SIGN_ENTITLEMENTS = Exercism/Exercism.entitlements;
				CODE_SIGN_IDENTITY = "Apple Development";
				CODE_SIGN_STYLE = Automatic;
				COMBINE_HIDPI_IMAGES = YES;
				CURRENT_PROJECT_VERSION = 1;
				DEAD_CODE_STRIPPING = YES;
				DEVELOPMENT_ASSET_PATHS = "\"Exercism/Preview Content\"";
				DEVELOPMENT_TEAM = QJZFLHT2R4;
				ENABLE_HARDENED_RUNTIME = YES;
				ENABLE_PREVIEWS = YES;
				GENERATE_INFOPLIST_FILE = YES;
				INFOPLIST_KEY_NSHumanReadableCopyright = "";
				LD_RUNPATH_SEARCH_PATHS = (
					"$(inherited)",
					"@executable_path/../Frameworks",
				);
				MACOSX_DEPLOYMENT_TARGET = 13.0;
				MARKETING_VERSION = 1.0;
				ONLY_ACTIVE_ARCH = YES;
				OTHER_LDFLAGS = "$(inherited)";
				PRODUCT_BUNDLE_IDENTIFIER = "com.apps-fab.exercism.Exercism";
				PRODUCT_NAME = "$(TARGET_NAME)";
				SWIFT_EMIT_LOC_STRINGS = YES;
				SWIFT_VERSION = 5.0;
				VALIDATE_PRODUCT = NO;
			};
			name = Release;
		};
/* End XCBuildConfiguration section */

/* Begin XCConfigurationList section */
		E0C9672728732A44004CE7E6 /* Build configuration list for PBXProject "Exercism" */ = {
			isa = XCConfigurationList;
			buildConfigurations = (
				E0C9673928732A45004CE7E6 /* Debug */,
				E0C9673A28732A45004CE7E6 /* Release */,
			);
			defaultConfigurationIsVisible = 0;
			defaultConfigurationName = Release;
		};
		E0C9673B28732A45004CE7E6 /* Build configuration list for PBXNativeTarget "Exercism" */ = {
			isa = XCConfigurationList;
			buildConfigurations = (
				E0C9673C28732A45004CE7E6 /* Debug */,
				E0C9673D28732A45004CE7E6 /* Release */,
			);
			defaultConfigurationIsVisible = 0;
			defaultConfigurationName = Release;
		};
/* End XCConfigurationList section */

/* Begin XCRemoteSwiftPackageReference section */
		FD9A187529113DFB006A28E7 /* XCRemoteSwiftPackageReference "CodeEditor" */ = {
			isa = XCRemoteSwiftPackageReference;
			repositoryURL = "https://github.com/ZeeZide/CodeEditor.git";
			requirement = {
				kind = upToNextMajorVersion;
				minimumVersion = 1.0.0;
			};
		};
		FDC9F11D28E5DA9200488CE9 /* XCRemoteSwiftPackageReference "keychain-swift" */ = {
			isa = XCRemoteSwiftPackageReference;
			repositoryURL = "https://github.com/evgenyneu/keychain-swift.git";
			requirement = {
				branch = master;
				kind = branch;
			};
		};
		FDC9F12228E5E6C800488CE9 /* XCRemoteSwiftPackageReference "SDWebImage" */ = {
			isa = XCRemoteSwiftPackageReference;
			repositoryURL = "https://github.com/SDWebImage/SDWebImage.git";
			requirement = {
				branch = master;
				kind = branch;
			};
		};
		FDC9F12528E5E71900488CE9 /* XCRemoteSwiftPackageReference "SDWebImageSVGCoder" */ = {
			isa = XCRemoteSwiftPackageReference;
			repositoryURL = "https://github.com/SDWebImage/SDWebImageSVGCoder.git";
			requirement = {
				kind = upToNextMajorVersion;
				minimumVersion = 1.0.0;
			};
		};
		FDC9F12828E5E86500488CE9 /* XCRemoteSwiftPackageReference "SDWebImageSwiftUI" */ = {
			isa = XCRemoteSwiftPackageReference;
			repositoryURL = "https://github.com/SDWebImage/SDWebImageSwiftUI.git";
			requirement = {
				branch = master;
				kind = branch;
			};
		};
		FDEC77012892FC2A0093F764 /* XCRemoteSwiftPackageReference "ExercismSwift" */ = {
			isa = XCRemoteSwiftPackageReference;
			repositoryURL = "https://github.com/apps-fab/ExercismSwift.git";
			requirement = {
				branch = main;
				kind = branch;
			};
		};
/* End XCRemoteSwiftPackageReference section */

/* Begin XCSwiftPackageProductDependency section */
		FD9A187629113DFB006A28E7 /* CodeEditor */ = {
			isa = XCSwiftPackageProductDependency;
			package = FD9A187529113DFB006A28E7 /* XCRemoteSwiftPackageReference "CodeEditor" */;
			productName = CodeEditor;
		};
		FDC9F11E28E5DA9200488CE9 /* KeychainSwift */ = {
			isa = XCSwiftPackageProductDependency;
			package = FDC9F11D28E5DA9200488CE9 /* XCRemoteSwiftPackageReference "keychain-swift" */;
			productName = KeychainSwift;
		};
		FDC9F12328E5E6C800488CE9 /* SDWebImage */ = {
			isa = XCSwiftPackageProductDependency;
			package = FDC9F12228E5E6C800488CE9 /* XCRemoteSwiftPackageReference "SDWebImage" */;
			productName = SDWebImage;
		};
		FDC9F12628E5E71900488CE9 /* SDWebImageSVGCoder */ = {
			isa = XCSwiftPackageProductDependency;
			package = FDC9F12528E5E71900488CE9 /* XCRemoteSwiftPackageReference "SDWebImageSVGCoder" */;
			productName = SDWebImageSVGCoder;
		};
		FDC9F12928E5E86500488CE9 /* SDWebImageSwiftUI */ = {
			isa = XCSwiftPackageProductDependency;
			package = FDC9F12828E5E86500488CE9 /* XCRemoteSwiftPackageReference "SDWebImageSwiftUI" */;
			productName = SDWebImageSwiftUI;
		};
		FDEC77022892FC2A0093F764 /* ExercismSwift */ = {
			isa = XCSwiftPackageProductDependency;
			package = FDEC77012892FC2A0093F764 /* XCRemoteSwiftPackageReference "ExercismSwift" */;
			productName = ExercismSwift;
		};
/* End XCSwiftPackageProductDependency section */
	};
	rootObject = E0C9672428732A44004CE7E6 /* Project object */;
}
