// !$*UTF8*$!
{
	archiveVersion = 1;
	classes = {
	};
	objectVersion = 55;
	objects = {

/* Begin PBXBuildFile section */
		8480F498DAEF6240EF96EBA2 /* ExerciseFile.swift in Sources */ = {isa = PBXBuildFile; fileRef = 8480FFCE7C49D6C4D1D5E747 /* ExerciseFile.swift */; };
		8480F5457705DBACD7D3C2BB /* TestGroup.swift in Sources */ = {isa = PBXBuildFile; fileRef = 8480FC607C091F61494EC6B1 /* TestGroup.swift */; };
		8480F81F9F5140CC9D27E0BD /* SettingsModel.swift in Sources */ = {isa = PBXBuildFile; fileRef = 8480F02086E415F1B9F5DFD5 /* SettingsModel.swift */; };
		8480F9CE43AE1D26747C9075 /* ExerciseItem.swift in Sources */ = {isa = PBXBuildFile; fileRef = 8480F60001E12133BDACC877 /* ExerciseItem.swift */; };
		8480FC703A3429432C6529BB /* TextOutputFormat.swift in Sources */ = {isa = PBXBuildFile; fileRef = 8480F29C24F1DBB1698B0475 /* TextOutputFormat.swift */; };
		8480FD426CE878D36671074B /* SplashCodeSyntaxHighlighter.swift in Sources */ = {isa = PBXBuildFile; fileRef = 8480FAAE164E0D3680DDFBE7 /* SplashCodeSyntaxHighlighter.swift */; };
		8480FFB00FCA20A0268145B0 /* ViewUtils.swift in Sources */ = {isa = PBXBuildFile; fileRef = 8480F0B036F1420E0B72C7BC /* ViewUtils.swift */; };
		CB370BC12B3618F400C1009D /* SubmitSolutionContentView.swift in Sources */ = {isa = PBXBuildFile; fileRef = CB370BC02B3618F400C1009D /* SubmitSolutionContentView.swift */; };
		CB4F3C142B5EEB2300829CCD /* AlertModel.swift in Sources */ = {isa = PBXBuildFile; fileRef = CB4F3C132B5EEB2300829CCD /* AlertModel.swift */; };
		CB9DFA7F2AF97A1D0093566C /* AuthenticationViewModel.swift in Sources */ = {isa = PBXBuildFile; fileRef = CB9DFA7E2AF97A1D0093566C /* AuthenticationViewModel.swift */; };
		CBA63CF42BD7F1C700151C19 /* NSNotification.swift in Sources */ = {isa = PBXBuildFile; fileRef = CBA63CF32BD7F1C700151C19 /* NSNotification.swift */; };
		E049F22428E5766B0022CECD /* ExerciseRightSidebarView.swift in Sources */ = {isa = PBXBuildFile; fileRef = E049F22328E5766B0022CECD /* ExerciseRightSidebarView.swift */; };
		E07F6B0729E0D04D00E5C42A /* MarkdownUI in Frameworks */ = {isa = PBXBuildFile; productRef = E07F6B0629E0D04D00E5C42A /* MarkdownUI */; };
		E07F6B0A29E0D5DA00E5C42A /* Splash in Frameworks */ = {isa = PBXBuildFile; productRef = E07F6B0929E0D5DA00E5C42A /* Splash */; };
		E09BA7EA28E4E83800D7CC91 /* ExerciseEditorWindowView.swift in Sources */ = {isa = PBXBuildFile; fileRef = E09BA7E928E4E83800D7CC91 /* ExerciseEditorWindowView.swift */; };
		E0C9673028732A44004CE7E6 /* ExercismApp.swift in Sources */ = {isa = PBXBuildFile; fileRef = E0C9672F28732A44004CE7E6 /* ExercismApp.swift */; };
		E0C9673428732A45004CE7E6 /* Assets.xcassets in Resources */ = {isa = PBXBuildFile; fileRef = E0C9673328732A45004CE7E6 /* Assets.xcassets */; };
		E0C9673728732A45004CE7E6 /* Preview Assets.xcassets in Resources */ = {isa = PBXBuildFile; fileRef = E0C9673628732A45004CE7E6 /* Preview Assets.xcassets */; };
		E0F6E9BE2992236D0079CC28 /* TestRunResultView.swift in Sources */ = {isa = PBXBuildFile; fileRef = E0F6E9BD2992236D0079CC28 /* TestRunResultView.swift */; };
		FD045F3D2A6AA8DB00A3BE28 /* ExercismCommands.swift in Sources */ = {isa = PBXBuildFile; fileRef = FD045F3C2A6AA8DB00A3BE28 /* ExercismCommands.swift */; };
		FD05C65528FE9ED0002087A9 /* FilterTableView.swift in Sources */ = {isa = PBXBuildFile; fileRef = FD9262FB28F6DAE700C9476C /* FilterTableView.swift */; };
		FD0B06F128F592E000FCA956 /* AppDelegate.swift in Sources */ = {isa = PBXBuildFile; fileRef = FD0B06F028F592E000FCA956 /* AppDelegate.swift */; };
		FD201DDA2A7C1DC9006865CF /* ExercismSettings.swift in Sources */ = {isa = PBXBuildFile; fileRef = FD201DD92A7C1DC9006865CF /* ExercismSettings.swift */; };
		FD26AE4328DCC9C100DC902B /* ExercismTextField.swift in Sources */ = {isa = PBXBuildFile; fileRef = FD26AE4228DCC9C100DC902B /* ExercismTextField.swift */; };
		FD33A9242C22F81B00E602D2 /* CodeEditor in Frameworks */ = {isa = PBXBuildFile; productRef = FD33A9232C22F81B00E602D2 /* CodeEditor */; };
		FD36808029B1054E004D53C8 /* CustomPicker.swift in Sources */ = {isa = PBXBuildFile; fileRef = FD36807F29B1054E004D53C8 /* CustomPicker.swift */; };
		FD368D422CDBE19F001BA3EE /* InstructionView.swift in Sources */ = {isa = PBXBuildFile; fileRef = FD368D412CDBE197001BA3EE /* InstructionView.swift */; };
		FD368D442CDBE1BD001BA3EE /* ResultView.swift in Sources */ = {isa = PBXBuildFile; fileRef = FD368D432CDBE1B7001BA3EE /* ResultView.swift */; };
		FD368D462CDBE330001BA3EE /* TestRunProgress.swift in Sources */ = {isa = PBXBuildFile; fileRef = FD368D452CDBE325001BA3EE /* TestRunProgress.swift */; };
		FD368D482CDBE475001BA3EE /* NoTestRunView.swift in Sources */ = {isa = PBXBuildFile; fileRef = FD368D472CDBE46F001BA3EE /* NoTestRunView.swift */; };
		FD368D4B2CDBEA48001BA3EE /* ExerciseEditorView.swift in Sources */ = {isa = PBXBuildFile; fileRef = E049F21928E4D7B30022CECD /* ExerciseEditorView.swift */; };
		FD3F2B142AA750D300ADB248 /* ExercismButton.swift in Sources */ = {isa = PBXBuildFile; fileRef = FD3F2B132AA750D300ADB248 /* ExercismButton.swift */; };
		FD403C832C518ED700CD8D81 /* ExercismSwift in Frameworks */ = {isa = PBXBuildFile; productRef = FD403C822C518ED700CD8D81 /* ExercismSwift */; };
		FD4077FF2CEDD10400587584 /* TestPassed.swift in Sources */ = {isa = PBXBuildFile; fileRef = FD4077FE2CEDD0FE00587584 /* TestPassed.swift */; };
		FD4078012CEDD12F00587584 /* TestErrored.swift in Sources */ = {isa = PBXBuildFile; fileRef = FD4078002CEDD12800587584 /* TestErrored.swift */; };
		FD4078032CEDD17200587584 /* TestRunSummaryHeader.swift in Sources */ = {isa = PBXBuildFile; fileRef = FD4078022CEDD16800587584 /* TestRunSummaryHeader.swift */; };
		FD4078052CEDD19B00587584 /* TestGroupedByTaskList.swift in Sources */ = {isa = PBXBuildFile; fileRef = FD4078042CEDD19800587584 /* TestGroupedByTaskList.swift */; };
		FD4078072CEDD1D100587584 /* CollapsibleTestDetailView.swift in Sources */ = {isa = PBXBuildFile; fileRef = FD4078062CEDD1CF00587584 /* CollapsibleTestDetailView.swift */; };
		FD4A77662987EC9400E29436 /* RoundedView.swift in Sources */ = {isa = PBXBuildFile; fileRef = FD4A77642987E18E00E29436 /* RoundedView.swift */; };
		FD4A95692DA6B62E00D7F7F3 /* ExercismSwift in Frameworks */ = {isa = PBXBuildFile; productRef = FD4A95682DA6B62E00D7F7F3 /* ExercismSwift */; };
		FD57BB502930C0C2006D0B9C /* ExerciseGridView.swift in Sources */ = {isa = PBXBuildFile; fileRef = FD57BB4F2930C0C2006D0B9C /* ExerciseGridView.swift */; };
		FD60770D292E28D600A95E17 /* NavigationModel.swift in Sources */ = {isa = PBXBuildFile; fileRef = FD60770C292E28D600A95E17 /* NavigationModel.swift */; };
		FD60950B29CC598000944379 /* SideBar.swift in Sources */ = {isa = PBXBuildFile; fileRef = FD60950A29CC598000944379 /* SideBar.swift */; };
		FD6467D52ADFD24700358E19 /* Metal.framework in Frameworks */ = {isa = PBXBuildFile; fileRef = FD6467D42ADFD24700358E19 /* Metal.framework */; };
		FD653F8C2D4CF5510013E732 /* SettingsData.swift in Sources */ = {isa = PBXBuildFile; fileRef = FD653F8B2D4CF54B0013E732 /* SettingsData.swift */; };
		FD653F8E2D4CF6310013E732 /* AppSettings.swift in Sources */ = {isa = PBXBuildFile; fileRef = FD653F8D2D4CF62C0013E732 /* AppSettings.swift */; };
		FD653F902D529B5F0013E732 /* ExercisesListViewModel.swift in Sources */ = {isa = PBXBuildFile; fileRef = FD653F8F2D529A940013E732 /* ExercisesListViewModel.swift */; };
		FD6FE8F42A955B380043A89F /* ExerciseViewModel.swift in Sources */ = {isa = PBXBuildFile; fileRef = FD5800DA2A94B9520045CDCC /* ExerciseViewModel.swift */; };
		FD73E10D29C3910E001B59D3 /* ContentView.swift in Sources */ = {isa = PBXBuildFile; fileRef = FD73E10C29C3910E001B59D3 /* ContentView.swift */; };
		FD73E10F29C451E8001B59D3 /* Fetcher.swift in Sources */ = {isa = PBXBuildFile; fileRef = FD73E10E29C451E8001B59D3 /* Fetcher.swift */; };
		FD79A4ED2A8CCF3900250711 /* CustomTabView.swift in Sources */ = {isa = PBXBuildFile; fileRef = FD79A4EC2A8CCF3900250711 /* CustomTabView.swift */; };
		FD7DC53029E0B00700A1EBD9 /* PreviewData.swift in Sources */ = {isa = PBXBuildFile; fileRef = FD7DC52F29E0B00700A1EBD9 /* PreviewData.swift */; };
		FD7DC53429E0B03600A1EBD9 /* TestRunExt.swift in Sources */ = {isa = PBXBuildFile; fileRef = FD7DC53229E0B03600A1EBD9 /* TestRunExt.swift */; };
		FD7DC53529E0B0E900A1EBD9 /* FilterView.swift in Sources */ = {isa = PBXBuildFile; fileRef = FD0B071128F5F77300FCA956 /* FilterView.swift */; };
		FD8AF28C2D9EE04000194AFB /* ExercismSwift in Frameworks */ = {isa = PBXBuildFile; productRef = FD8AF28B2D9EE04000194AFB /* ExercismSwift */; };
		FD9262FF28F6EA3300C9476C /* Tags.json in Resources */ = {isa = PBXBuildFile; fileRef = FD9262FE28F6EA3300C9476C /* Tags.json */; };
		FD92DC652A854EAC00673445 /* Settings in Frameworks */ = {isa = PBXBuildFile; platformFilters = (macos, ); productRef = FD92DC642A854EAC00673445 /* Settings */; };
		FD93F5C228E1E3260078A062 /* TracksListView.swift in Sources */ = {isa = PBXBuildFile; fileRef = FD93F5C128E1E3260078A062 /* TracksListView.swift */; };
		FD93F5C428E1E5BC0078A062 /* TrackGridView.swift in Sources */ = {isa = PBXBuildFile; fileRef = FD93F5C328E1E5BC0078A062 /* TrackGridView.swift */; };
		FD93F5D728E398770078A062 /* Date+Exercism.swift in Sources */ = {isa = PBXBuildFile; fileRef = FD93F5D628E398770078A062 /* Date+Exercism.swift */; };
		FD95C9122C518B89007B4E5B /* ExercismSwift in Frameworks */ = {isa = PBXBuildFile; productRef = FD95C9112C518B89007B4E5B /* ExercismSwift */; };
		FD9B57E92A8264AB0042C6B0 /* Localizable.xcstrings in Resources */ = {isa = PBXBuildFile; fileRef = FD9B57E82A8264AB0042C6B0 /* Localizable.xcstrings */; };
		FDA25A8F2CBECFFD00848060 /* KeychainAccess in Frameworks */ = {isa = PBXBuildFile; productRef = FDA25A8E2CBECFFD00848060 /* KeychainAccess */; };
		FDABC23A292BCC5200A2AB72 /* ExercisesList.swift in Sources */ = {isa = PBXBuildFile; fileRef = FDABC239292BCC5200A2AB72 /* ExercisesList.swift */; };
		FDB4F1712CCCB46A005CC3C4 /* MainCommands.swift in Sources */ = {isa = PBXBuildFile; fileRef = FDB4F1702CCCB44B005CC3C4 /* MainCommands.swift */; };
		FDB4F1752CCCB4BA005CC3C4 /* WindowCommands.swift in Sources */ = {isa = PBXBuildFile; fileRef = FDB4F1742CCCB4B3005CC3C4 /* WindowCommands.swift */; };
		FDB4F1772CCCB651005CC3C4 /* MainWindow.swift in Sources */ = {isa = PBXBuildFile; fileRef = FDB4F1762CCCB647005CC3C4 /* MainWindow.swift */; };
		FDB4F1792CCCB91F005CC3C4 /* ViewCommands.swift in Sources */ = {isa = PBXBuildFile; fileRef = FDB4F1782CCCB91A005CC3C4 /* ViewCommands.swift */; };
		FDB6695E28E1B3320062FC2D /* LoginView.swift in Sources */ = {isa = PBXBuildFile; fileRef = FDB6695D28E1B3320062FC2D /* LoginView.swift */; };
		FDBC7C882C22E90B0008FEAB /* CodeEditor in Frameworks */ = {isa = PBXBuildFile; productRef = FDBC7C872C22E90B0008FEAB /* CodeEditor */; };
		FDC4F8CA2D7BCC89008CA0DC /* ExercismSwift in Frameworks */ = {isa = PBXBuildFile; productRef = FDC4F8C92D7BCC89008CA0DC /* ExercismSwift */; };
		FDC4F8CC2D7BD328008CA0DC /* TestsView.swift in Sources */ = {isa = PBXBuildFile; fileRef = FDC4F8CB2D7BD321008CA0DC /* TestsView.swift */; };
		FDC9F12128E5DC7F00488CE9 /* KeychainHelper.swift in Sources */ = {isa = PBXBuildFile; fileRef = FDC9F12028E5DC7F00488CE9 /* KeychainHelper.swift */; };
		FDC9F12428E5E6C800488CE9 /* SDWebImage in Frameworks */ = {isa = PBXBuildFile; productRef = FDC9F12328E5E6C800488CE9 /* SDWebImage */; };
		FDC9F12728E5E71900488CE9 /* SDWebImageSVGCoder in Frameworks */ = {isa = PBXBuildFile; productRef = FDC9F12628E5E71900488CE9 /* SDWebImageSVGCoder */; };
		FDC9F12A28E5E86500488CE9 /* SDWebImageSwiftUI in Frameworks */ = {isa = PBXBuildFile; productRef = FDC9F12928E5E86500488CE9 /* SDWebImageSwiftUI */; };
		FDD4575128DA474200B3834F /* Color.xcassets in Resources */ = {isa = PBXBuildFile; fileRef = FDD4575028DA474200B3834F /* Color.xcassets */; };
		FDDAEB5A29B6667300C6F938 /* TrackViewModel.swift in Sources */ = {isa = PBXBuildFile; fileRef = FDDAEB5929B6667300C6F938 /* TrackViewModel.swift */; };
		FDE27F26298FC5CE00F61A0A /* ProfileTableView.swift in Sources */ = {isa = PBXBuildFile; fileRef = FDE27F25298FC5CE00F61A0A /* ProfileTableView.swift */; };
		FDE4EBFC2A4B009C007ED19E /* EmptyStateView.swift in Sources */ = {isa = PBXBuildFile; fileRef = FDE4EBFB2A4B009C007ED19E /* EmptyStateView.swift */; };
		FDE58F652D946A3C002618BD /* ExercismSwift in Frameworks */ = {isa = PBXBuildFile; productRef = FDE58F642D946A3C002618BD /* ExercismSwift */; };
		FDE58F6E2D946C92002618BD /* ExercismSwift in Frameworks */ = {isa = PBXBuildFile; productRef = FDE58F6D2D946C92002618BD /* ExercismSwift */; };
		FDE58F712D946CB2002618BD /* ExercismSwift in Frameworks */ = {isa = PBXBuildFile; productRef = FDE58F702D946CB2002618BD /* ExercismSwift */; };
		FDE72BC82D96B50A008BAA2F /* SelectedTab.swift in Sources */ = {isa = PBXBuildFile; fileRef = FDE72BC72D96B505008BAA2F /* SelectedTab.swift */; };
		FDE72BCA2D96B52A008BAA2F /* ExerciseModelResponse.swift in Sources */ = {isa = PBXBuildFile; fileRef = FDE72BC92D96B527008BAA2F /* ExerciseModelResponse.swift */; };
		FDE72BCD2D971D8D008BAA2F /* ExercismSwift in Frameworks */ = {isa = PBXBuildFile; productRef = FDE72BCC2D971D8D008BAA2F /* ExercismSwift */; };
		FDFF5A812A66C2E700E36AA4 /* Images.swift in Sources */ = {isa = PBXBuildFile; fileRef = FDFF5A802A66C2E700E36AA4 /* Images.swift */; };
		FDFF5A832A66C31A00E36AA4 /* Strings.swift in Sources */ = {isa = PBXBuildFile; fileRef = FDFF5A822A66C31A00E36AA4 /* Strings.swift */; };
/* End PBXBuildFile section */

/* Begin PBXFileReference section */
		8480F02086E415F1B9F5DFD5 /* SettingsModel.swift */ = {isa = PBXFileReference; fileEncoding = 4; lastKnownFileType = sourcecode.swift; path = SettingsModel.swift; sourceTree = "<group>"; };
		8480F0B036F1420E0B72C7BC /* ViewUtils.swift */ = {isa = PBXFileReference; fileEncoding = 4; lastKnownFileType = sourcecode.swift; path = ViewUtils.swift; sourceTree = "<group>"; };
		8480F29C24F1DBB1698B0475 /* TextOutputFormat.swift */ = {isa = PBXFileReference; fileEncoding = 4; lastKnownFileType = sourcecode.swift; path = TextOutputFormat.swift; sourceTree = "<group>"; };
		8480F2C5A207E6E66ADC6AAA /* TestRunExt.swift */ = {isa = PBXFileReference; fileEncoding = 4; lastKnownFileType = sourcecode.swift; path = TestRunExt.swift; sourceTree = "<group>"; };
		8480F60001E12133BDACC877 /* ExerciseItem.swift */ = {isa = PBXFileReference; fileEncoding = 4; lastKnownFileType = sourcecode.swift; path = ExerciseItem.swift; sourceTree = "<group>"; };
		8480FA5128C6FD6ADC5F15ED /* PreviewData.swift */ = {isa = PBXFileReference; fileEncoding = 4; lastKnownFileType = sourcecode.swift; path = PreviewData.swift; sourceTree = "<group>"; };
		8480FAAE164E0D3680DDFBE7 /* SplashCodeSyntaxHighlighter.swift */ = {isa = PBXFileReference; fileEncoding = 4; lastKnownFileType = sourcecode.swift; path = SplashCodeSyntaxHighlighter.swift; sourceTree = "<group>"; };
		8480FC607C091F61494EC6B1 /* TestGroup.swift */ = {isa = PBXFileReference; fileEncoding = 4; lastKnownFileType = sourcecode.swift; path = TestGroup.swift; sourceTree = "<group>"; };
		8480FFCE7C49D6C4D1D5E747 /* ExerciseFile.swift */ = {isa = PBXFileReference; fileEncoding = 4; lastKnownFileType = sourcecode.swift; path = ExerciseFile.swift; sourceTree = "<group>"; };
		CB370BC02B3618F400C1009D /* SubmitSolutionContentView.swift */ = {isa = PBXFileReference; lastKnownFileType = sourcecode.swift; path = SubmitSolutionContentView.swift; sourceTree = "<group>"; };
		CB4F3C132B5EEB2300829CCD /* AlertModel.swift */ = {isa = PBXFileReference; lastKnownFileType = sourcecode.swift; path = AlertModel.swift; sourceTree = "<group>"; };
		CB9DFA7E2AF97A1D0093566C /* AuthenticationViewModel.swift */ = {isa = PBXFileReference; lastKnownFileType = sourcecode.swift; path = AuthenticationViewModel.swift; sourceTree = "<group>"; };
		CBA63CF32BD7F1C700151C19 /* NSNotification.swift */ = {isa = PBXFileReference; lastKnownFileType = sourcecode.swift; path = NSNotification.swift; sourceTree = "<group>"; };
		E049F21928E4D7B30022CECD /* ExerciseEditorView.swift */ = {isa = PBXFileReference; lastKnownFileType = sourcecode.swift; path = ExerciseEditorView.swift; sourceTree = "<group>"; };
		E049F22328E5766B0022CECD /* ExerciseRightSidebarView.swift */ = {isa = PBXFileReference; lastKnownFileType = sourcecode.swift; path = ExerciseRightSidebarView.swift; sourceTree = "<group>"; };
		E09BA7E928E4E83800D7CC91 /* ExerciseEditorWindowView.swift */ = {isa = PBXFileReference; lastKnownFileType = sourcecode.swift; path = ExerciseEditorWindowView.swift; sourceTree = "<group>"; };
		E0C9672C28732A44004CE7E6 /* Exercode.app */ = {isa = PBXFileReference; explicitFileType = wrapper.application; includeInIndex = 0; path = Exercode.app; sourceTree = BUILT_PRODUCTS_DIR; };
		E0C9672F28732A44004CE7E6 /* ExercismApp.swift */ = {isa = PBXFileReference; lastKnownFileType = sourcecode.swift; path = ExercismApp.swift; sourceTree = "<group>"; };
		E0C9673328732A45004CE7E6 /* Assets.xcassets */ = {isa = PBXFileReference; lastKnownFileType = folder.assetcatalog; path = Assets.xcassets; sourceTree = "<group>"; };
		E0C9673628732A45004CE7E6 /* Preview Assets.xcassets */ = {isa = PBXFileReference; lastKnownFileType = folder.assetcatalog; path = "Preview Assets.xcassets"; sourceTree = "<group>"; };
		E0C9673828732A45004CE7E6 /* Exercism.entitlements */ = {isa = PBXFileReference; lastKnownFileType = text.plist.entitlements; path = Exercism.entitlements; sourceTree = "<group>"; };
		E0F6E9BD2992236D0079CC28 /* TestRunResultView.swift */ = {isa = PBXFileReference; lastKnownFileType = sourcecode.swift; path = TestRunResultView.swift; sourceTree = "<group>"; };
		FD045F3C2A6AA8DB00A3BE28 /* ExercismCommands.swift */ = {isa = PBXFileReference; lastKnownFileType = sourcecode.swift; path = ExercismCommands.swift; sourceTree = "<group>"; };
		FD0B06F028F592E000FCA956 /* AppDelegate.swift */ = {isa = PBXFileReference; lastKnownFileType = sourcecode.swift; path = AppDelegate.swift; sourceTree = "<group>"; };
		FD0B071128F5F77300FCA956 /* FilterView.swift */ = {isa = PBXFileReference; lastKnownFileType = sourcecode.swift; path = FilterView.swift; sourceTree = "<group>"; };
		FD201DD92A7C1DC9006865CF /* ExercismSettings.swift */ = {isa = PBXFileReference; lastKnownFileType = sourcecode.swift; path = ExercismSettings.swift; sourceTree = "<group>"; };
		FD26AE4228DCC9C100DC902B /* ExercismTextField.swift */ = {isa = PBXFileReference; lastKnownFileType = sourcecode.swift; path = ExercismTextField.swift; sourceTree = "<group>"; };
		FD36807F29B1054E004D53C8 /* CustomPicker.swift */ = {isa = PBXFileReference; lastKnownFileType = sourcecode.swift; path = CustomPicker.swift; sourceTree = "<group>"; };
		FD368D412CDBE197001BA3EE /* InstructionView.swift */ = {isa = PBXFileReference; lastKnownFileType = sourcecode.swift; path = InstructionView.swift; sourceTree = "<group>"; };
		FD368D432CDBE1B7001BA3EE /* ResultView.swift */ = {isa = PBXFileReference; lastKnownFileType = sourcecode.swift; path = ResultView.swift; sourceTree = "<group>"; };
		FD368D452CDBE325001BA3EE /* TestRunProgress.swift */ = {isa = PBXFileReference; lastKnownFileType = sourcecode.swift; path = TestRunProgress.swift; sourceTree = "<group>"; };
		FD368D472CDBE46F001BA3EE /* NoTestRunView.swift */ = {isa = PBXFileReference; lastKnownFileType = sourcecode.swift; path = NoTestRunView.swift; sourceTree = "<group>"; };
		FD3F2B132AA750D300ADB248 /* ExercismButton.swift */ = {isa = PBXFileReference; lastKnownFileType = sourcecode.swift; path = ExercismButton.swift; sourceTree = "<group>"; };
		FD4077FE2CEDD0FE00587584 /* TestPassed.swift */ = {isa = PBXFileReference; lastKnownFileType = sourcecode.swift; path = TestPassed.swift; sourceTree = "<group>"; };
		FD4078002CEDD12800587584 /* TestErrored.swift */ = {isa = PBXFileReference; lastKnownFileType = sourcecode.swift; path = TestErrored.swift; sourceTree = "<group>"; };
		FD4078022CEDD16800587584 /* TestRunSummaryHeader.swift */ = {isa = PBXFileReference; lastKnownFileType = sourcecode.swift; path = TestRunSummaryHeader.swift; sourceTree = "<group>"; };
		FD4078042CEDD19800587584 /* TestGroupedByTaskList.swift */ = {isa = PBXFileReference; lastKnownFileType = sourcecode.swift; path = TestGroupedByTaskList.swift; sourceTree = "<group>"; };
		FD4078062CEDD1CF00587584 /* CollapsibleTestDetailView.swift */ = {isa = PBXFileReference; lastKnownFileType = sourcecode.swift; path = CollapsibleTestDetailView.swift; sourceTree = "<group>"; };
		FD4A77642987E18E00E29436 /* RoundedView.swift */ = {isa = PBXFileReference; lastKnownFileType = sourcecode.swift; path = RoundedView.swift; sourceTree = "<group>"; };
		FD57BB4F2930C0C2006D0B9C /* ExerciseGridView.swift */ = {isa = PBXFileReference; lastKnownFileType = sourcecode.swift; path = ExerciseGridView.swift; sourceTree = "<group>"; };
		FD5800DA2A94B9520045CDCC /* ExerciseViewModel.swift */ = {isa = PBXFileReference; lastKnownFileType = sourcecode.swift; path = ExerciseViewModel.swift; sourceTree = "<group>"; };
		FD60770C292E28D600A95E17 /* NavigationModel.swift */ = {isa = PBXFileReference; lastKnownFileType = sourcecode.swift; path = NavigationModel.swift; sourceTree = "<group>"; };
		FD60950A29CC598000944379 /* SideBar.swift */ = {isa = PBXFileReference; lastKnownFileType = sourcecode.swift; path = SideBar.swift; sourceTree = "<group>"; };
		FD6467D42ADFD24700358E19 /* Metal.framework */ = {isa = PBXFileReference; lastKnownFileType = wrapper.framework; name = Metal.framework; path = System/Library/Frameworks/Metal.framework; sourceTree = SDKROOT; };
		FD653F8B2D4CF54B0013E732 /* SettingsData.swift */ = {isa = PBXFileReference; lastKnownFileType = sourcecode.swift; path = SettingsData.swift; sourceTree = "<group>"; };
		FD653F8D2D4CF62C0013E732 /* AppSettings.swift */ = {isa = PBXFileReference; lastKnownFileType = sourcecode.swift; path = AppSettings.swift; sourceTree = "<group>"; };
		FD653F8F2D529A940013E732 /* ExercisesListViewModel.swift */ = {isa = PBXFileReference; lastKnownFileType = sourcecode.swift; path = ExercisesListViewModel.swift; sourceTree = "<group>"; };
		FD73E10C29C3910E001B59D3 /* ContentView.swift */ = {isa = PBXFileReference; lastKnownFileType = sourcecode.swift; path = ContentView.swift; sourceTree = "<group>"; };
		FD73E10E29C451E8001B59D3 /* Fetcher.swift */ = {isa = PBXFileReference; lastKnownFileType = sourcecode.swift; path = Fetcher.swift; sourceTree = "<group>"; };
		FD79A4EC2A8CCF3900250711 /* CustomTabView.swift */ = {isa = PBXFileReference; fileEncoding = 4; lastKnownFileType = sourcecode.swift; path = CustomTabView.swift; sourceTree = "<group>"; };
		FD7DC52F29E0B00700A1EBD9 /* PreviewData.swift */ = {isa = PBXFileReference; fileEncoding = 4; lastKnownFileType = sourcecode.swift; path = PreviewData.swift; sourceTree = "<group>"; };
		FD7DC53229E0B03600A1EBD9 /* TestRunExt.swift */ = {isa = PBXFileReference; fileEncoding = 4; lastKnownFileType = sourcecode.swift; path = TestRunExt.swift; sourceTree = "<group>"; };
		FD9262FB28F6DAE700C9476C /* FilterTableView.swift */ = {isa = PBXFileReference; lastKnownFileType = sourcecode.swift; path = FilterTableView.swift; sourceTree = "<group>"; };
		FD9262FE28F6EA3300C9476C /* Tags.json */ = {isa = PBXFileReference; lastKnownFileType = text.json; path = Tags.json; sourceTree = "<group>"; };
		FD93F5C128E1E3260078A062 /* TracksListView.swift */ = {isa = PBXFileReference; lastKnownFileType = sourcecode.swift; path = TracksListView.swift; sourceTree = "<group>"; };
		FD93F5C328E1E5BC0078A062 /* TrackGridView.swift */ = {isa = PBXFileReference; lastKnownFileType = sourcecode.swift; path = TrackGridView.swift; sourceTree = "<group>"; };
		FD93F5D628E398770078A062 /* Date+Exercism.swift */ = {isa = PBXFileReference; lastKnownFileType = sourcecode.swift; path = "Date+Exercism.swift"; sourceTree = "<group>"; };
		FD9B57E82A8264AB0042C6B0 /* Localizable.xcstrings */ = {isa = PBXFileReference; lastKnownFileType = text; path = Localizable.xcstrings; sourceTree = "<group>"; };
		FDA558A12B9DC8AA006BDE85 /* Info.plist */ = {isa = PBXFileReference; lastKnownFileType = text.plist.xml; path = Info.plist; sourceTree = "<group>"; };
		FDABC239292BCC5200A2AB72 /* ExercisesList.swift */ = {isa = PBXFileReference; lastKnownFileType = sourcecode.swift; path = ExercisesList.swift; sourceTree = "<group>"; };
		FDB011B52AF8F6A700D29F77 /* project.xcconfig */ = {isa = PBXFileReference; lastKnownFileType = text.xcconfig; path = project.xcconfig; sourceTree = "<group>"; };
		FDB4F1702CCCB44B005CC3C4 /* MainCommands.swift */ = {isa = PBXFileReference; lastKnownFileType = sourcecode.swift; path = MainCommands.swift; sourceTree = "<group>"; };
		FDB4F1742CCCB4B3005CC3C4 /* WindowCommands.swift */ = {isa = PBXFileReference; lastKnownFileType = sourcecode.swift; path = WindowCommands.swift; sourceTree = "<group>"; };
		FDB4F1762CCCB647005CC3C4 /* MainWindow.swift */ = {isa = PBXFileReference; lastKnownFileType = sourcecode.swift; path = MainWindow.swift; sourceTree = "<group>"; };
		FDB4F1782CCCB91A005CC3C4 /* ViewCommands.swift */ = {isa = PBXFileReference; lastKnownFileType = sourcecode.swift; path = ViewCommands.swift; sourceTree = "<group>"; };
		FDB6695D28E1B3320062FC2D /* LoginView.swift */ = {isa = PBXFileReference; lastKnownFileType = sourcecode.swift; path = LoginView.swift; sourceTree = "<group>"; };
		FDC4F8CB2D7BD321008CA0DC /* TestsView.swift */ = {isa = PBXFileReference; lastKnownFileType = sourcecode.swift; path = TestsView.swift; sourceTree = "<group>"; };
		FDC9F12028E5DC7F00488CE9 /* KeychainHelper.swift */ = {isa = PBXFileReference; lastKnownFileType = sourcecode.swift; path = KeychainHelper.swift; sourceTree = "<group>"; };
		FDD4575028DA474200B3834F /* Color.xcassets */ = {isa = PBXFileReference; lastKnownFileType = folder.assetcatalog; path = Color.xcassets; sourceTree = "<group>"; };
		FDDAEB5929B6667300C6F938 /* TrackViewModel.swift */ = {isa = PBXFileReference; lastKnownFileType = sourcecode.swift; path = TrackViewModel.swift; sourceTree = "<group>"; };
		FDE27F25298FC5CE00F61A0A /* ProfileTableView.swift */ = {isa = PBXFileReference; lastKnownFileType = sourcecode.swift; path = ProfileTableView.swift; sourceTree = "<group>"; };
		FDE4EBFB2A4B009C007ED19E /* EmptyStateView.swift */ = {isa = PBXFileReference; lastKnownFileType = sourcecode.swift; path = EmptyStateView.swift; sourceTree = "<group>"; };
		FDE72BC72D96B505008BAA2F /* SelectedTab.swift */ = {isa = PBXFileReference; lastKnownFileType = sourcecode.swift; path = SelectedTab.swift; sourceTree = "<group>"; };
		FDE72BC92D96B527008BAA2F /* ExerciseModelResponse.swift */ = {isa = PBXFileReference; lastKnownFileType = sourcecode.swift; path = ExerciseModelResponse.swift; sourceTree = "<group>"; };
		FDFF5A802A66C2E700E36AA4 /* Images.swift */ = {isa = PBXFileReference; lastKnownFileType = sourcecode.swift; path = Images.swift; sourceTree = "<group>"; };
		FDFF5A822A66C31A00E36AA4 /* Strings.swift */ = {isa = PBXFileReference; lastKnownFileType = sourcecode.swift; path = Strings.swift; sourceTree = "<group>"; };
/* End PBXFileReference section */

/* Begin PBXFrameworksBuildPhase section */
		E0C9672928732A44004CE7E6 /* Frameworks */ = {
			isa = PBXFrameworksBuildPhase;
			buildActionMask = 2147483647;
			files = (
				E07F6B0729E0D04D00E5C42A /* MarkdownUI in Frameworks */,
				FD6467D52ADFD24700358E19 /* Metal.framework in Frameworks */,
				FDA25A8F2CBECFFD00848060 /* KeychainAccess in Frameworks */,
				FDC9F12A28E5E86500488CE9 /* SDWebImageSwiftUI in Frameworks */,
				FD33A9242C22F81B00E602D2 /* CodeEditor in Frameworks */,
				FDE58F6E2D946C92002618BD /* ExercismSwift in Frameworks */,
				FD8AF28C2D9EE04000194AFB /* ExercismSwift in Frameworks */,
				E07F6B0A29E0D5DA00E5C42A /* Splash in Frameworks */,
				FD4A95692DA6B62E00D7F7F3 /* ExercismSwift in Frameworks */,
				FDE58F712D946CB2002618BD /* ExercismSwift in Frameworks */,
				FDE72BCD2D971D8D008BAA2F /* ExercismSwift in Frameworks */,
				FDE58F652D946A3C002618BD /* ExercismSwift in Frameworks */,
				FD95C9122C518B89007B4E5B /* ExercismSwift in Frameworks */,
				FD403C832C518ED700CD8D81 /* ExercismSwift in Frameworks */,
				FDC4F8CA2D7BCC89008CA0DC /* ExercismSwift in Frameworks */,
				FDC9F12428E5E6C800488CE9 /* SDWebImage in Frameworks */,
				FD92DC652A854EAC00673445 /* Settings in Frameworks */,
				FDC9F12728E5E71900488CE9 /* SDWebImageSVGCoder in Frameworks */,
				FDBC7C882C22E90B0008FEAB /* CodeEditor in Frameworks */,
			);
			runOnlyForDeploymentPostprocessing = 0;
		};
/* End PBXFrameworksBuildPhase section */

/* Begin PBXGroup section */
		8480F413C4C2527414F3D692 /* SyntaxHighlighter */ = {
			isa = PBXGroup;
			children = (
				8480FAAE164E0D3680DDFBE7 /* SplashCodeSyntaxHighlighter.swift */,
				8480F29C24F1DBB1698B0475 /* TextOutputFormat.swift */,
			);
			path = SyntaxHighlighter;
			sourceTree = "<group>";
		};
		8480FA93EBE24774C8AC6D8E /* Exercises */ = {
			isa = PBXGroup;
			children = (
				FD368D4A2CDBE7DA001BA3EE /* model */,
				FD368D492CDBE7AD001BA3EE /* Results */,
				FD368D412CDBE197001BA3EE /* InstructionView.swift */,
				E049F21928E4D7B30022CECD /* ExerciseEditorView.swift */,
				E09BA7E928E4E83800D7CC91 /* ExerciseEditorWindowView.swift */,
				E049F22328E5766B0022CECD /* ExerciseRightSidebarView.swift */,
				FD5800DA2A94B9520045CDCC /* ExerciseViewModel.swift */,
				CB370BC02B3618F400C1009D /* SubmitSolutionContentView.swift */,
				FDC4F8CB2D7BD321008CA0DC /* TestsView.swift */,
			);
			path = Exercises;
			sourceTree = "<group>";
		};
		CB9DFA7D2AF97A060093566C /* Authentication */ = {
			isa = PBXGroup;
			children = (
				FDB6695D28E1B3320062FC2D /* LoginView.swift */,
				CB9DFA7E2AF97A1D0093566C /* AuthenticationViewModel.swift */,
			);
			path = Authentication;
			sourceTree = "<group>";
		};
		E0C9672328732A44004CE7E6 = {
			isa = PBXGroup;
			children = (
				FDB011B52AF8F6A700D29F77 /* project.xcconfig */,
				E0C9672E28732A44004CE7E6 /* Exercism */,
				E0C9672D28732A44004CE7E6 /* Products */,
				FD7DC52E29E0AEFB00A1EBD9 /* Recovered References */,
				FD6467D32ADFD24700358E19 /* Frameworks */,
			);
			sourceTree = "<group>";
		};
		E0C9672D28732A44004CE7E6 /* Products */ = {
			isa = PBXGroup;
			children = (
				E0C9672C28732A44004CE7E6 /* Exercode.app */,
			);
			name = Products;
			sourceTree = "<group>";
		};
		E0C9672E28732A44004CE7E6 /* Exercism */ = {
			isa = PBXGroup;
			children = (
				FDA558A12B9DC8AA006BDE85 /* Info.plist */,
				CB9DFA7D2AF97A060093566C /* Authentication */,
				FDC8C07929C495E70079D5F3 /* Models */,
				FDC8C07829C495AB0079D5F3 /* Common */,
				E0C9673528732A45004CE7E6 /* Preview Content */,
				FDABC23D292BCDC000A2AB72 /* ExerciseList */,
				8480FA93EBE24774C8AC6D8E /* Exercises */,
				FD93F5BC28E1E0BD0078A062 /* Tracks */,
				FDC8C07A29C496160079D5F3 /* Util */,
				E0C9673828732A45004CE7E6 /* Exercism.entitlements */,
				FDE27F25298FC5CE00F61A0A /* ProfileTableView.swift */,
				FD60950A29CC598000944379 /* SideBar.swift */,
				8480F413C4C2527414F3D692 /* SyntaxHighlighter */,
				FDE4EBFB2A4B009C007ED19E /* EmptyStateView.swift */,
				FD201DD92A7C1DC9006865CF /* ExercismSettings.swift */,
			);
			path = Exercism;
			sourceTree = "<group>";
		};
		E0C9673528732A45004CE7E6 /* Preview Content */ = {
			isa = PBXGroup;
			children = (
				E0C9673628732A45004CE7E6 /* Preview Assets.xcassets */,
			);
			path = "Preview Content";
			sourceTree = "<group>";
		};
		FD368D492CDBE7AD001BA3EE /* Results */ = {
			isa = PBXGroup;
			children = (
				FD4078062CEDD1CF00587584 /* CollapsibleTestDetailView.swift */,
				FD4078042CEDD19800587584 /* TestGroupedByTaskList.swift */,
				FD4078022CEDD16800587584 /* TestRunSummaryHeader.swift */,
				FD4078002CEDD12800587584 /* TestErrored.swift */,
				FD4077FE2CEDD0FE00587584 /* TestPassed.swift */,
				FD368D472CDBE46F001BA3EE /* NoTestRunView.swift */,
				FD368D452CDBE325001BA3EE /* TestRunProgress.swift */,
				FD368D432CDBE1B7001BA3EE /* ResultView.swift */,
				8480FC607C091F61494EC6B1 /* TestGroup.swift */,
				E0F6E9BD2992236D0079CC28 /* TestRunResultView.swift */,
			);
			path = Results;
			sourceTree = "<group>";
		};
		FD368D4A2CDBE7DA001BA3EE /* model */ = {
			isa = PBXGroup;
			children = (
				FDE72BC92D96B527008BAA2F /* ExerciseModelResponse.swift */,
				8480FFCE7C49D6C4D1D5E747 /* ExerciseFile.swift */,
				8480F60001E12133BDACC877 /* ExerciseItem.swift */,
			);
			path = model;
			sourceTree = "<group>";
		};
		FD6467D32ADFD24700358E19 /* Frameworks */ = {
			isa = PBXGroup;
			children = (
				FD6467D42ADFD24700358E19 /* Metal.framework */,
			);
			name = Frameworks;
			sourceTree = "<group>";
		};
		FD7DC52E29E0AEFB00A1EBD9 /* Recovered References */ = {
			isa = PBXGroup;
			children = (
				8480F2C5A207E6E66ADC6AAA /* TestRunExt.swift */,
				8480FA5128C6FD6ADC5F15ED /* PreviewData.swift */,
			);
			name = "Recovered References";
			sourceTree = "<group>";
		};
		FD93F5BC28E1E0BD0078A062 /* Tracks */ = {
			isa = PBXGroup;
			children = (
				FDDAEB5929B6667300C6F938 /* TrackViewModel.swift */,
				FD93F5C128E1E3260078A062 /* TracksListView.swift */,
				FD93F5C328E1E5BC0078A062 /* TrackGridView.swift */,
				FD9262FB28F6DAE700C9476C /* FilterTableView.swift */,
				FD0B071128F5F77300FCA956 /* FilterView.swift */,
			);
			path = Tracks;
			sourceTree = "<group>";
		};
		FDABC23D292BCDC000A2AB72 /* ExerciseList */ = {
			isa = PBXGroup;
			children = (
				FD653F8F2D529A940013E732 /* ExercisesListViewModel.swift */,
				FDABC239292BCC5200A2AB72 /* ExercisesList.swift */,
				FD57BB4F2930C0C2006D0B9C /* ExerciseGridView.swift */,
				FD36807F29B1054E004D53C8 /* CustomPicker.swift */,
			);
			path = ExerciseList;
			sourceTree = "<group>";
		};
		FDB4F17A2CCCBA9A005CC3C4 /* WindowCommands */ = {
			isa = PBXGroup;
			children = (
				FDB4F1702CCCB44B005CC3C4 /* MainCommands.swift */,
				FDB4F1782CCCB91A005CC3C4 /* ViewCommands.swift */,
				FD045F3C2A6AA8DB00A3BE28 /* ExercismCommands.swift */,
				FDB4F1742CCCB4B3005CC3C4 /* WindowCommands.swift */,
			);
			path = WindowCommands;
			sourceTree = "<group>";
		};
		FDC8C07829C495AB0079D5F3 /* Common */ = {
			isa = PBXGroup;
			children = (
				FD26AE4228DCC9C100DC902B /* ExercismTextField.swift */,
				FD7DC53229E0B03600A1EBD9 /* TestRunExt.swift */,
				FD4A77642987E18E00E29436 /* RoundedView.swift */,
				FD3F2B132AA750D300ADB248 /* ExercismButton.swift */,
			);
			path = Common;
			sourceTree = "<group>";
		};
		FDC8C07929C495E70079D5F3 /* Models */ = {
			isa = PBXGroup;
			children = (
				FD653F8D2D4CF62C0013E732 /* AppSettings.swift */,
				FD653F8B2D4CF54B0013E732 /* SettingsData.swift */,
				8480F02086E415F1B9F5DFD5 /* SettingsModel.swift */,
				FD73E10E29C451E8001B59D3 /* Fetcher.swift */,
				CB4F3C132B5EEB2300829CCD /* AlertModel.swift */,
				FD60770C292E28D600A95E17 /* NavigationModel.swift */,
			);
			path = Models;
			sourceTree = "<group>";
		};
		FDC8C07A29C496160079D5F3 /* Util */ = {
			isa = PBXGroup;
			children = (
				FDB4F17A2CCCBA9A005CC3C4 /* WindowCommands */,
				FDE72BC72D96B505008BAA2F /* SelectedTab.swift */,
				FDB4F1762CCCB647005CC3C4 /* MainWindow.swift */,
				FD7DC52F29E0B00700A1EBD9 /* PreviewData.swift */,
				FDFF5A822A66C31A00E36AA4 /* Strings.swift */,
				FDFF5A802A66C2E700E36AA4 /* Images.swift */,
				CBA63CF32BD7F1C700151C19 /* NSNotification.swift */,
				FD9B57E82A8264AB0042C6B0 /* Localizable.xcstrings */,
				FD9262FE28F6EA3300C9476C /* Tags.json */,
				FD93F5D628E398770078A062 /* Date+Exercism.swift */,
				E0C9673328732A45004CE7E6 /* Assets.xcassets */,
				FDD4575028DA474200B3834F /* Color.xcassets */,
				FD79A4EC2A8CCF3900250711 /* CustomTabView.swift */,
				FDC9F12028E5DC7F00488CE9 /* KeychainHelper.swift */,
				8480F0B036F1420E0B72C7BC /* ViewUtils.swift */,
				FD0B06F028F592E000FCA956 /* AppDelegate.swift */,
				E0C9672F28732A44004CE7E6 /* ExercismApp.swift */,
				FD73E10C29C3910E001B59D3 /* ContentView.swift */,
			);
			path = Util;
			sourceTree = "<group>";
		};
/* End PBXGroup section */

/* Begin PBXNativeTarget section */
		E0C9672B28732A44004CE7E6 /* Exercode */ = {
			isa = PBXNativeTarget;
			buildConfigurationList = E0C9673B28732A45004CE7E6 /* Build configuration list for PBXNativeTarget "Exercode" */;
			buildPhases = (
				E0C9672828732A44004CE7E6 /* Sources */,
				E0C9672928732A44004CE7E6 /* Frameworks */,
				E0C9672A28732A44004CE7E6 /* Resources */,
				FDAA2E182C4FDE6700E0FDFE /* ShellScript */,
			);
			buildRules = (
			);
			dependencies = (
			);
			name = Exercode;
			packageProductDependencies = (
				FDC9F12328E5E6C800488CE9 /* SDWebImage */,
				FDC9F12628E5E71900488CE9 /* SDWebImageSVGCoder */,
				FDC9F12928E5E86500488CE9 /* SDWebImageSwiftUI */,
				E07F6B0629E0D04D00E5C42A /* MarkdownUI */,
				E07F6B0929E0D5DA00E5C42A /* Splash */,
				FD92DC642A854EAC00673445 /* Settings */,
				FD33A9232C22F81B00E602D2 /* CodeEditor */,
				FD95C9112C518B89007B4E5B /* ExercismSwift */,
				FD403C822C518ED700CD8D81 /* ExercismSwift */,
				FDA25A8E2CBECFFD00848060 /* KeychainAccess */,
				FDC4F8C92D7BCC89008CA0DC /* ExercismSwift */,
				FDE58F642D946A3C002618BD /* ExercismSwift */,
				FDE58F6D2D946C92002618BD /* ExercismSwift */,
				FDE58F702D946CB2002618BD /* ExercismSwift */,
				FDE72BCC2D971D8D008BAA2F /* ExercismSwift */,
				FD8AF28B2D9EE04000194AFB /* ExercismSwift */,
				FD4A95682DA6B62E00D7F7F3 /* ExercismSwift */,
			);
			productName = Exercism;
			productReference = E0C9672C28732A44004CE7E6 /* Exercode.app */;
			productType = "com.apple.product-type.application";
		};
/* End PBXNativeTarget section */

/* Begin PBXProject section */
		E0C9672428732A44004CE7E6 /* Project object */ = {
			isa = PBXProject;
			attributes = {
				BuildIndependentTargetsInParallel = 1;
				LastSwiftUpdateCheck = 1340;
				LastUpgradeCheck = 1530;
				TargetAttributes = {
					E0C9672B28732A44004CE7E6 = {
						CreatedOnToolsVersion = 13.4.1;
					};
				};
			};
			buildConfigurationList = E0C9672728732A44004CE7E6 /* Build configuration list for PBXProject "Exercism" */;
			compatibilityVersion = "Xcode 13.0";
			developmentRegion = en;
			hasScannedForEncodings = 0;
			knownRegions = (
				en,
				Base,
			);
			mainGroup = E0C9672328732A44004CE7E6;
			packageReferences = (
				FDC9F12228E5E6C800488CE9 /* XCRemoteSwiftPackageReference "SDWebImage" */,
				FDC9F12528E5E71900488CE9 /* XCRemoteSwiftPackageReference "SDWebImageSVGCoder" */,
				FDC9F12828E5E86500488CE9 /* XCRemoteSwiftPackageReference "SDWebImageSwiftUI" */,
				E07F6B0529E0D04D00E5C42A /* XCRemoteSwiftPackageReference "swift-markdown-ui" */,
				E07F6B0829E0D5DA00E5C42A /* XCRemoteSwiftPackageReference "Splash" */,
				FD92DC632A854EAC00673445 /* XCRemoteSwiftPackageReference "Settings" */,
				FD33A9222C22F81B00E602D2 /* XCRemoteSwiftPackageReference "CodeEditor" */,
				FDA25A8D2CBECFFD00848060 /* XCRemoteSwiftPackageReference "KeychainAccess" */,
				FD4A95672DA6B62E00D7F7F3 /* XCRemoteSwiftPackageReference "ExercismSwift" */,
			);
			productRefGroup = E0C9672D28732A44004CE7E6 /* Products */;
			projectDirPath = "";
			projectRoot = "";
			targets = (
				E0C9672B28732A44004CE7E6 /* Exercode */,
			);
		};
/* End PBXProject section */

/* Begin PBXResourcesBuildPhase section */
		E0C9672A28732A44004CE7E6 /* Resources */ = {
			isa = PBXResourcesBuildPhase;
			buildActionMask = 2147483647;
			files = (
				FD9262FF28F6EA3300C9476C /* Tags.json in Resources */,
				FD9B57E92A8264AB0042C6B0 /* Localizable.xcstrings in Resources */,
				E0C9673728732A45004CE7E6 /* Preview Assets.xcassets in Resources */,
				E0C9673428732A45004CE7E6 /* Assets.xcassets in Resources */,
				FDD4575128DA474200B3834F /* Color.xcassets in Resources */,
			);
			runOnlyForDeploymentPostprocessing = 0;
		};
/* End PBXResourcesBuildPhase section */

/* Begin PBXShellScriptBuildPhase section */
		FDAA2E182C4FDE6700E0FDFE /* ShellScript */ = {
			isa = PBXShellScriptBuildPhase;
			alwaysOutOfDate = 1;
			buildActionMask = 2147483647;
			files = (
			);
			inputFileListPaths = (
			);
			inputPaths = (
			);
			outputFileListPaths = (
			);
			outputPaths = (
			);
			runOnlyForDeploymentPostprocessing = 0;
			shellPath = /bin/sh;
			shellScript = "if [[ \"$(uname -m)\" == arm64 ]]; then\n    export PATH=\"/opt/homebrew/bin:$PATH\"\nfi\n\nif which swiftlint > /dev/null; then\n  swiftlint --fix && swiftlint\nelse\n  echo \"warning: SwiftLint not installed, download from https://github.com/realm/SwiftLint\"\nfi\n";
			showEnvVarsInLog = 0;
		};
/* End PBXShellScriptBuildPhase section */

/* Begin PBXSourcesBuildPhase section */
		E0C9672828732A44004CE7E6 /* Sources */ = {
			isa = PBXSourcesBuildPhase;
			buildActionMask = 2147483647;
			files = (
				FDE4EBFC2A4B009C007ED19E /* EmptyStateView.swift in Sources */,
				FDE27F26298FC5CE00F61A0A /* ProfileTableView.swift in Sources */,
				FD368D462CDBE330001BA3EE /* TestRunProgress.swift in Sources */,
				FD3F2B142AA750D300ADB248 /* ExercismButton.swift in Sources */,
				FD045F3D2A6AA8DB00A3BE28 /* ExercismCommands.swift in Sources */,
				CB9DFA7F2AF97A1D0093566C /* AuthenticationViewModel.swift in Sources */,
				FDE72BC82D96B50A008BAA2F /* SelectedTab.swift in Sources */,
				FD60770D292E28D600A95E17 /* NavigationModel.swift in Sources */,
				FD0B06F128F592E000FCA956 /* AppDelegate.swift in Sources */,
				FD26AE4328DCC9C100DC902B /* ExercismTextField.swift in Sources */,
				FD4078072CEDD1D100587584 /* CollapsibleTestDetailView.swift in Sources */,
				FD93F5C228E1E3260078A062 /* TracksListView.swift in Sources */,
				FD4077FF2CEDD10400587584 /* TestPassed.swift in Sources */,
				FD05C65528FE9ED0002087A9 /* FilterTableView.swift in Sources */,
				FD4A77662987EC9400E29436 /* RoundedView.swift in Sources */,
				FD7DC53029E0B00700A1EBD9 /* PreviewData.swift in Sources */,
				FDC9F12128E5DC7F00488CE9 /* KeychainHelper.swift in Sources */,
				FD6FE8F42A955B380043A89F /* ExerciseViewModel.swift in Sources */,
				CB4F3C142B5EEB2300829CCD /* AlertModel.swift in Sources */,
				FDB6695E28E1B3320062FC2D /* LoginView.swift in Sources */,
				FD93F5D728E398770078A062 /* Date+Exercism.swift in Sources */,
				FD201DDA2A7C1DC9006865CF /* ExercismSettings.swift in Sources */,
				FD653F902D529B5F0013E732 /* ExercisesListViewModel.swift in Sources */,
				FD4078012CEDD12F00587584 /* TestErrored.swift in Sources */,
				FD653F8C2D4CF5510013E732 /* SettingsData.swift in Sources */,
				FDDAEB5A29B6667300C6F938 /* TrackViewModel.swift in Sources */,
				E0F6E9BE2992236D0079CC28 /* TestRunResultView.swift in Sources */,
				FD368D4B2CDBEA48001BA3EE /* ExerciseEditorView.swift in Sources */,
				E049F22428E5766B0022CECD /* ExerciseRightSidebarView.swift in Sources */,
				FDB4F1752CCCB4BA005CC3C4 /* WindowCommands.swift in Sources */,
				FD4078052CEDD19B00587584 /* TestGroupedByTaskList.swift in Sources */,
				CBA63CF42BD7F1C700151C19 /* NSNotification.swift in Sources */,
				E0C9673028732A44004CE7E6 /* ExercismApp.swift in Sources */,
				FD36808029B1054E004D53C8 /* CustomPicker.swift in Sources */,
				FD93F5C428E1E5BC0078A062 /* TrackGridView.swift in Sources */,
				E09BA7EA28E4E83800D7CC91 /* ExerciseEditorWindowView.swift in Sources */,
				FD4078032CEDD17200587584 /* TestRunSummaryHeader.swift in Sources */,
				FD7DC53429E0B03600A1EBD9 /* TestRunExt.swift in Sources */,
				FD368D482CDBE475001BA3EE /* NoTestRunView.swift in Sources */,
				FDB4F1772CCCB651005CC3C4 /* MainWindow.swift in Sources */,
				CB370BC12B3618F400C1009D /* SubmitSolutionContentView.swift in Sources */,
				FDC4F8CC2D7BD328008CA0DC /* TestsView.swift in Sources */,
				FDB4F1712CCCB46A005CC3C4 /* MainCommands.swift in Sources */,
				FD368D442CDBE1BD001BA3EE /* ResultView.swift in Sources */,
				8480F498DAEF6240EF96EBA2 /* ExerciseFile.swift in Sources */,
				8480F9CE43AE1D26747C9075 /* ExerciseItem.swift in Sources */,
				FDE72BCA2D96B52A008BAA2F /* ExerciseModelResponse.swift in Sources */,
				FD60950B29CC598000944379 /* SideBar.swift in Sources */,
				FD73E10F29C451E8001B59D3 /* Fetcher.swift in Sources */,
				FDFF5A812A66C2E700E36AA4 /* Images.swift in Sources */,
				FD57BB502930C0C2006D0B9C /* ExerciseGridView.swift in Sources */,
				FDABC23A292BCC5200A2AB72 /* ExercisesList.swift in Sources */,
				FDFF5A832A66C31A00E36AA4 /* Strings.swift in Sources */,
				FD79A4ED2A8CCF3900250711 /* CustomTabView.swift in Sources */,
				FD73E10D29C3910E001B59D3 /* ContentView.swift in Sources */,
				8480FFB00FCA20A0268145B0 /* ViewUtils.swift in Sources */,
				FD653F8E2D4CF6310013E732 /* AppSettings.swift in Sources */,
				FD368D422CDBE19F001BA3EE /* InstructionView.swift in Sources */,
				8480F81F9F5140CC9D27E0BD /* SettingsModel.swift in Sources */,
				8480F5457705DBACD7D3C2BB /* TestGroup.swift in Sources */,
				FD7DC53529E0B0E900A1EBD9 /* FilterView.swift in Sources */,
				8480FD426CE878D36671074B /* SplashCodeSyntaxHighlighter.swift in Sources */,
				FDB4F1792CCCB91F005CC3C4 /* ViewCommands.swift in Sources */,
				8480FC703A3429432C6529BB /* TextOutputFormat.swift in Sources */,
			);
			runOnlyForDeploymentPostprocessing = 0;
		};
/* End PBXSourcesBuildPhase section */

/* Begin XCBuildConfiguration section */
		E0C9673928732A45004CE7E6 /* Debug */ = {
			isa = XCBuildConfiguration;
			baseConfigurationReference = FDB011B52AF8F6A700D29F77 /* project.xcconfig */;
			buildSettings = {
				ALWAYS_SEARCH_USER_PATHS = NO;
				ARCHS = "$(ARCHS_STANDARD)";
				ASSETCATALOG_COMPILER_GENERATE_SWIFT_ASSET_SYMBOL_EXTENSIONS = YES;
				CLANG_ANALYZER_NONNULL = YES;
				CLANG_ANALYZER_NUMBER_OBJECT_CONVERSION = YES_AGGRESSIVE;
				CLANG_CXX_LANGUAGE_STANDARD = "gnu++17";
				CLANG_ENABLE_MODULES = YES;
				CLANG_ENABLE_OBJC_ARC = YES;
				CLANG_ENABLE_OBJC_WEAK = YES;
				CLANG_WARN_BLOCK_CAPTURE_AUTORELEASING = YES;
				CLANG_WARN_BOOL_CONVERSION = YES;
				CLANG_WARN_COMMA = YES;
				CLANG_WARN_CONSTANT_CONVERSION = YES;
				CLANG_WARN_DEPRECATED_OBJC_IMPLEMENTATIONS = YES;
				CLANG_WARN_DIRECT_OBJC_ISA_USAGE = YES_ERROR;
				CLANG_WARN_DOCUMENTATION_COMMENTS = YES;
				CLANG_WARN_EMPTY_BODY = YES;
				CLANG_WARN_ENUM_CONVERSION = YES;
				CLANG_WARN_INFINITE_RECURSION = YES;
				CLANG_WARN_INT_CONVERSION = YES;
				CLANG_WARN_NON_LITERAL_NULL_CONVERSION = YES;
				CLANG_WARN_OBJC_IMPLICIT_RETAIN_SELF = YES;
				CLANG_WARN_OBJC_LITERAL_CONVERSION = YES;
				CLANG_WARN_OBJC_ROOT_CLASS = YES_ERROR;
				CLANG_WARN_QUOTED_INCLUDE_IN_FRAMEWORK_HEADER = YES;
				CLANG_WARN_RANGE_LOOP_ANALYSIS = YES;
				CLANG_WARN_STRICT_PROTOTYPES = YES;
				CLANG_WARN_SUSPICIOUS_MOVE = YES;
				CLANG_WARN_UNGUARDED_AVAILABILITY = YES_AGGRESSIVE;
				CLANG_WARN_UNREACHABLE_CODE = YES;
				CLANG_WARN__DUPLICATE_METHOD_MATCH = YES;
				COPY_PHASE_STRIP = NO;
				DEAD_CODE_STRIPPING = YES;
				DEBUG_INFORMATION_FORMAT = dwarf;
				DEVELOPMENT_TEAM = S82GZQ59NS;
				ENABLE_STRICT_OBJC_MSGSEND = YES;
				ENABLE_TESTABILITY = YES;
				ENABLE_USER_SCRIPT_SANDBOXING = YES;
				GCC_C_LANGUAGE_STANDARD = gnu11;
				GCC_DYNAMIC_NO_PIC = NO;
				GCC_NO_COMMON_BLOCKS = YES;
				GCC_OPTIMIZATION_LEVEL = 0;
				GCC_PREPROCESSOR_DEFINITIONS = (
					"DEBUG=1",
					"$(inherited)",
				);
				GCC_WARN_64_TO_32_BIT_CONVERSION = YES;
				GCC_WARN_ABOUT_RETURN_TYPE = YES_ERROR;
				GCC_WARN_UNDECLARED_SELECTOR = YES;
				GCC_WARN_UNINITIALIZED_AUTOS = YES_AGGRESSIVE;
				GCC_WARN_UNUSED_FUNCTION = YES;
				GCC_WARN_UNUSED_VARIABLE = YES;
				LOCALIZATION_PREFERS_STRING_CATALOGS = YES;
				MACOSX_DEPLOYMENT_TARGET = 13.1;
				MTL_ENABLE_DEBUG_INFO = INCLUDE_SOURCE;
				MTL_FAST_MATH = YES;
				ONLY_ACTIVE_ARCH = YES;
				SDKROOT = macosx;
				SWIFT_ACTIVE_COMPILATION_CONDITIONS = DEBUG;
				SWIFT_OPTIMIZATION_LEVEL = "-Onone";
			};
			name = Debug;
		};
		E0C9673A28732A45004CE7E6 /* Release */ = {
			isa = XCBuildConfiguration;
			baseConfigurationReference = FDB011B52AF8F6A700D29F77 /* project.xcconfig */;
			buildSettings = {
				ALWAYS_SEARCH_USER_PATHS = NO;
				ARCHS = "$(ARCHS_STANDARD)";
				ASSETCATALOG_COMPILER_GENERATE_SWIFT_ASSET_SYMBOL_EXTENSIONS = YES;
				CLANG_ANALYZER_NONNULL = YES;
				CLANG_ANALYZER_NUMBER_OBJECT_CONVERSION = YES_AGGRESSIVE;
				CLANG_CXX_LANGUAGE_STANDARD = "gnu++17";
				CLANG_ENABLE_MODULES = YES;
				CLANG_ENABLE_OBJC_ARC = YES;
				CLANG_ENABLE_OBJC_WEAK = YES;
				CLANG_WARN_BLOCK_CAPTURE_AUTORELEASING = YES;
				CLANG_WARN_BOOL_CONVERSION = YES;
				CLANG_WARN_COMMA = YES;
				CLANG_WARN_CONSTANT_CONVERSION = YES;
				CLANG_WARN_DEPRECATED_OBJC_IMPLEMENTATIONS = YES;
				CLANG_WARN_DIRECT_OBJC_ISA_USAGE = YES_ERROR;
				CLANG_WARN_DOCUMENTATION_COMMENTS = YES;
				CLANG_WARN_EMPTY_BODY = YES;
				CLANG_WARN_ENUM_CONVERSION = YES;
				CLANG_WARN_INFINITE_RECURSION = YES;
				CLANG_WARN_INT_CONVERSION = YES;
				CLANG_WARN_NON_LITERAL_NULL_CONVERSION = YES;
				CLANG_WARN_OBJC_IMPLICIT_RETAIN_SELF = YES;
				CLANG_WARN_OBJC_LITERAL_CONVERSION = YES;
				CLANG_WARN_OBJC_ROOT_CLASS = YES_ERROR;
				CLANG_WARN_QUOTED_INCLUDE_IN_FRAMEWORK_HEADER = YES;
				CLANG_WARN_RANGE_LOOP_ANALYSIS = YES;
				CLANG_WARN_STRICT_PROTOTYPES = YES;
				CLANG_WARN_SUSPICIOUS_MOVE = YES;
				CLANG_WARN_UNGUARDED_AVAILABILITY = YES_AGGRESSIVE;
				CLANG_WARN_UNREACHABLE_CODE = YES;
				CLANG_WARN__DUPLICATE_METHOD_MATCH = YES;
				COPY_PHASE_STRIP = NO;
				DEAD_CODE_STRIPPING = YES;
				DEBUG_INFORMATION_FORMAT = "dwarf-with-dsym";
				DEVELOPMENT_TEAM = S82GZQ59NS;
				ENABLE_NS_ASSERTIONS = NO;
				ENABLE_STRICT_OBJC_MSGSEND = YES;
				ENABLE_USER_SCRIPT_SANDBOXING = YES;
				GCC_C_LANGUAGE_STANDARD = gnu11;
				GCC_NO_COMMON_BLOCKS = YES;
				GCC_WARN_64_TO_32_BIT_CONVERSION = YES;
				GCC_WARN_ABOUT_RETURN_TYPE = YES_ERROR;
				GCC_WARN_UNDECLARED_SELECTOR = YES;
				GCC_WARN_UNINITIALIZED_AUTOS = YES_AGGRESSIVE;
				GCC_WARN_UNUSED_FUNCTION = YES;
				GCC_WARN_UNUSED_VARIABLE = YES;
				LOCALIZATION_PREFERS_STRING_CATALOGS = YES;
				MACOSX_DEPLOYMENT_TARGET = 13.1;
				MTL_ENABLE_DEBUG_INFO = NO;
				MTL_FAST_MATH = YES;
				ONLY_ACTIVE_ARCH = NO;
				SDKROOT = macosx;
				SWIFT_COMPILATION_MODE = wholemodule;
				SWIFT_OPTIMIZATION_LEVEL = "-O";
			};
			name = Release;
		};
		E0C9673C28732A45004CE7E6 /* Debug */ = {
			isa = XCBuildConfiguration;
			baseConfigurationReference = FDB011B52AF8F6A700D29F77 /* project.xcconfig */;
			buildSettings = {
				ASSETCATALOG_COMPILER_APPICON_NAME = AppIcon;
				ASSETCATALOG_COMPILER_GLOBAL_ACCENT_COLOR_NAME = AccentColor;
				CODE_SIGN_ENTITLEMENTS = Exercism/Exercism.entitlements;
				CODE_SIGN_IDENTITY = "-";
				"CODE_SIGN_IDENTITY[sdk=iphoneos*]" = "Apple Development";
				"CODE_SIGN_IDENTITY[sdk=macosx*]" = "Apple Development";
				CODE_SIGN_STYLE = Automatic;
				COMBINE_HIDPI_IMAGES = YES;
				CURRENT_PROJECT_VERSION = 1;
				DEAD_CODE_STRIPPING = YES;
				DEVELOPMENT_ASSET_PATHS = "\"Exercism/Preview Content\"";
				DEVELOPMENT_TEAM = S82GZQ59NS;
				ENABLE_HARDENED_RUNTIME = YES;
				ENABLE_PREVIEWS = YES;
				ENABLE_USER_SCRIPT_SANDBOXING = NO;
				GENERATE_INFOPLIST_FILE = YES;
				INFOPLIST_FILE = Exercism/Info.plist;
				INFOPLIST_KEY_CFBundleDisplayName = Exercode;
				INFOPLIST_KEY_LSApplicationCategoryType = "public.app-category.education";
				INFOPLIST_KEY_NSHumanReadableCopyright = "";
				INFOPLIST_KEY_UILaunchStoryboardName = "Main ";
				INFOPLIST_KEY_UISupportedInterfaceOrientations_iPad = "UIInterfaceOrientationLandscapeLeft UIInterfaceOrientationLandscapeRight UIInterfaceOrientationPortrait UIInterfaceOrientationPortraitUpsideDown";
				LD_RUNPATH_SEARCH_PATHS = (
					"$(inherited)",
					"@executable_path/../Frameworks",
				);
				MACOSX_DEPLOYMENT_TARGET = 13.0;
				MARKETING_VERSION = 1.0.2;
				ONLY_ACTIVE_ARCH = YES;
				OTHER_LDFLAGS = "$(inherited)";
				PRODUCT_BUNDLE_IDENTIFIER = "com.apps-fab.exercism";
				PRODUCT_NAME = "$(TARGET_NAME)";
				SDKROOT = macosx;
				"SDKROOT[arch=*]" = macosx;
				SUPPORTED_PLATFORMS = "iphoneos iphonesimulator macosx";
				SUPPORTS_MACCATALYST = NO;
				SWIFT_EMIT_LOC_STRINGS = YES;
				SWIFT_STRICT_CONCURRENCY = minimal;
				SWIFT_VERSION = 5.0;
				TARGETED_DEVICE_FAMILY = 2;
				VALIDATE_PRODUCT = NO;
			};
			name = Debug;
		};
		E0C9673D28732A45004CE7E6 /* Release */ = {
			isa = XCBuildConfiguration;
			baseConfigurationReference = FDB011B52AF8F6A700D29F77 /* project.xcconfig */;
			buildSettings = {
				ASSETCATALOG_COMPILER_APPICON_NAME = AppIcon;
				ASSETCATALOG_COMPILER_GLOBAL_ACCENT_COLOR_NAME = AccentColor;
				CODE_SIGN_ENTITLEMENTS = Exercism/Exercism.entitlements;
				CODE_SIGN_IDENTITY = "-";
				"CODE_SIGN_IDENTITY[sdk=iphoneos*]" = "Apple Development";
				"CODE_SIGN_IDENTITY[sdk=macosx*]" = "Apple Development";
				CODE_SIGN_STYLE = Automatic;
				COMBINE_HIDPI_IMAGES = YES;
				CURRENT_PROJECT_VERSION = 1;
				DEAD_CODE_STRIPPING = YES;
				DEVELOPMENT_ASSET_PATHS = "\"Exercism/Preview Content\"";
				DEVELOPMENT_TEAM = S82GZQ59NS;
				ENABLE_HARDENED_RUNTIME = YES;
				ENABLE_PREVIEWS = YES;
				ENABLE_USER_SCRIPT_SANDBOXING = NO;
				GENERATE_INFOPLIST_FILE = YES;
				INFOPLIST_FILE = Exercism/Info.plist;
				INFOPLIST_KEY_CFBundleDisplayName = Exercode;
				INFOPLIST_KEY_LSApplicationCategoryType = "public.app-category.education";
				INFOPLIST_KEY_NSHumanReadableCopyright = "";
				INFOPLIST_KEY_UILaunchStoryboardName = "Main ";
				INFOPLIST_KEY_UISupportedInterfaceOrientations_iPad = "UIInterfaceOrientationLandscapeLeft UIInterfaceOrientationLandscapeRight UIInterfaceOrientationPortrait UIInterfaceOrientationPortraitUpsideDown";
				LD_RUNPATH_SEARCH_PATHS = (
					"$(inherited)",
					"@executable_path/../Frameworks",
				);
				MACOSX_DEPLOYMENT_TARGET = 13.0;
				MARKETING_VERSION = 1.0.2;
				ONLY_ACTIVE_ARCH = YES;
				OTHER_LDFLAGS = "$(inherited)";
				PRODUCT_BUNDLE_IDENTIFIER = "com.apps-fab.exercism";
				PRODUCT_NAME = "$(TARGET_NAME)";
				SDKROOT = macosx;
				SUPPORTED_PLATFORMS = "iphoneos iphonesimulator macosx";
				SUPPORTS_MACCATALYST = NO;
				SWIFT_EMIT_LOC_STRINGS = YES;
				SWIFT_STRICT_CONCURRENCY = minimal;
				SWIFT_VERSION = 5.0;
				TARGETED_DEVICE_FAMILY = 2;
				VALIDATE_PRODUCT = NO;
			};
			name = Release;
		};
/* End XCBuildConfiguration section */

/* Begin XCConfigurationList section */
		E0C9672728732A44004CE7E6 /* Build configuration list for PBXProject "Exercism" */ = {
			isa = XCConfigurationList;
			buildConfigurations = (
				E0C9673928732A45004CE7E6 /* Debug */,
				E0C9673A28732A45004CE7E6 /* Release */,
			);
			defaultConfigurationIsVisible = 0;
			defaultConfigurationName = Release;
		};
		E0C9673B28732A45004CE7E6 /* Build configuration list for PBXNativeTarget "Exercode" */ = {
			isa = XCConfigurationList;
			buildConfigurations = (
				E0C9673C28732A45004CE7E6 /* Debug */,
				E0C9673D28732A45004CE7E6 /* Release */,
			);
			defaultConfigurationIsVisible = 0;
			defaultConfigurationName = Release;
		};
/* End XCConfigurationList section */

/* Begin XCRemoteSwiftPackageReference section */
		E07F6B0529E0D04D00E5C42A /* XCRemoteSwiftPackageReference "swift-markdown-ui" */ = {
			isa = XCRemoteSwiftPackageReference;
			repositoryURL = "https://github.com/gonzalezreal/swift-markdown-ui";
			requirement = {
				kind = upToNextMinorVersion;
				minimumVersion = 2.0.0;
			};
		};
		E07F6B0829E0D5DA00E5C42A /* XCRemoteSwiftPackageReference "Splash" */ = {
			isa = XCRemoteSwiftPackageReference;
			repositoryURL = "https://github.com/JohnSundell/Splash";
			requirement = {
				kind = upToNextMinorVersion;
				minimumVersion = 0.16.0;
			};
		};
		FD33A9222C22F81B00E602D2 /* XCRemoteSwiftPackageReference "CodeEditor" */ = {
			isa = XCRemoteSwiftPackageReference;
			repositoryURL = "https://github.com/apps-fab/CodeEditor.git";
			requirement = {
				branch = master;
				kind = branch;
			};
		};
		FD4A95672DA6B62E00D7F7F3 /* XCRemoteSwiftPackageReference "ExercismSwift" */ = {
			isa = XCRemoteSwiftPackageReference;
			repositoryURL = "https://github.com/apps-fab/ExercismSwift.git";
			requirement = {
				branch = main;
				kind = branch;
			};
		};
		FD92DC632A854EAC00673445 /* XCRemoteSwiftPackageReference "Settings" */ = {
			isa = XCRemoteSwiftPackageReference;
			repositoryURL = "https://github.com/sindresorhus/Settings";
			requirement = {
				branch = main;
				kind = branch;
			};
		};
		FDA25A8D2CBECFFD00848060 /* XCRemoteSwiftPackageReference "KeychainAccess" */ = {
			isa = XCRemoteSwiftPackageReference;
			repositoryURL = "https://github.com/kishikawakatsumi/KeychainAccess.git";
			requirement = {
				branch = master;
				kind = branch;
			};
		};
		FDBC7C862C22E90B0008FEAB /* XCRemoteSwiftPackageReference "CodeEditor" */ = {
			isa = XCRemoteSwiftPackageReference;
			repositoryURL = "https://github.com/apps-fab/CodeEditor.git";
			requirement = {
				branch = master;
				kind = branch;
			};
		};
		FDC9F12228E5E6C800488CE9 /* XCRemoteSwiftPackageReference "SDWebImage" */ = {
			isa = XCRemoteSwiftPackageReference;
			repositoryURL = "https://github.com/SDWebImage/SDWebImage.git";
			requirement = {
				branch = master;
				kind = branch;
			};
		};
		FDC9F12528E5E71900488CE9 /* XCRemoteSwiftPackageReference "SDWebImageSVGCoder" */ = {
			isa = XCRemoteSwiftPackageReference;
			repositoryURL = "https://github.com/SDWebImage/SDWebImageSVGCoder.git";
			requirement = {
				branch = master;
				kind = branch;
			};
		};
		FDC9F12828E5E86500488CE9 /* XCRemoteSwiftPackageReference "SDWebImageSwiftUI" */ = {
			isa = XCRemoteSwiftPackageReference;
			repositoryURL = "https://github.com/SDWebImage/SDWebImageSwiftUI.git";
			requirement = {
				branch = master;
				kind = branch;
			};
		};
/* End XCRemoteSwiftPackageReference section */

/* Begin XCSwiftPackageProductDependency section */
		E07F6B0629E0D04D00E5C42A /* MarkdownUI */ = {
			isa = XCSwiftPackageProductDependency;
			package = E07F6B0529E0D04D00E5C42A /* XCRemoteSwiftPackageReference "swift-markdown-ui" */;
			productName = MarkdownUI;
		};
		E07F6B0929E0D5DA00E5C42A /* Splash */ = {
			isa = XCSwiftPackageProductDependency;
			package = E07F6B0829E0D5DA00E5C42A /* XCRemoteSwiftPackageReference "Splash" */;
			productName = Splash;
		};
		FD33A9232C22F81B00E602D2 /* CodeEditor */ = {
			isa = XCSwiftPackageProductDependency;
			package = FD33A9222C22F81B00E602D2 /* XCRemoteSwiftPackageReference "CodeEditor" */;
			productName = CodeEditor;
		};
		FD403C822C518ED700CD8D81 /* ExercismSwift */ = {
			isa = XCSwiftPackageProductDependency;
			productName = ExercismSwift;
		};
		FD4A95682DA6B62E00D7F7F3 /* ExercismSwift */ = {
			isa = XCSwiftPackageProductDependency;
			package = FD4A95672DA6B62E00D7F7F3 /* XCRemoteSwiftPackageReference "ExercismSwift" */;
			productName = ExercismSwift;
		};
		FD8AF28B2D9EE04000194AFB /* ExercismSwift */ = {
			isa = XCSwiftPackageProductDependency;
			productName = ExercismSwift;
		};
		FD92DC642A854EAC00673445 /* Settings */ = {
			isa = XCSwiftPackageProductDependency;
			package = FD92DC632A854EAC00673445 /* XCRemoteSwiftPackageReference "Settings" */;
			productName = Settings;
		};
		FD95C9112C518B89007B4E5B /* ExercismSwift */ = {
			isa = XCSwiftPackageProductDependency;
			productName = ExercismSwift;
		};
		FDA25A8E2CBECFFD00848060 /* KeychainAccess */ = {
			isa = XCSwiftPackageProductDependency;
			package = FDA25A8D2CBECFFD00848060 /* XCRemoteSwiftPackageReference "KeychainAccess" */;
			productName = KeychainAccess;
		};
		FDBC7C872C22E90B0008FEAB /* CodeEditor */ = {
			isa = XCSwiftPackageProductDependency;
			package = FDBC7C862C22E90B0008FEAB /* XCRemoteSwiftPackageReference "CodeEditor" */;
			productName = CodeEditor;
		};
		FDC4F8C92D7BCC89008CA0DC /* ExercismSwift */ = {
			isa = XCSwiftPackageProductDependency;
			productName = ExercismSwift;
		};
		FDC9F12328E5E6C800488CE9 /* SDWebImage */ = {
			isa = XCSwiftPackageProductDependency;
			package = FDC9F12228E5E6C800488CE9 /* XCRemoteSwiftPackageReference "SDWebImage" */;
			productName = SDWebImage;
		};
		FDC9F12628E5E71900488CE9 /* SDWebImageSVGCoder */ = {
			isa = XCSwiftPackageProductDependency;
			package = FDC9F12528E5E71900488CE9 /* XCRemoteSwiftPackageReference "SDWebImageSVGCoder" */;
			productName = SDWebImageSVGCoder;
		};
		FDC9F12928E5E86500488CE9 /* SDWebImageSwiftUI */ = {
			isa = XCSwiftPackageProductDependency;
			package = FDC9F12828E5E86500488CE9 /* XCRemoteSwiftPackageReference "SDWebImageSwiftUI" */;
			productName = SDWebImageSwiftUI;
		};
		FDE58F642D946A3C002618BD /* ExercismSwift */ = {
			isa = XCSwiftPackageProductDependency;
			productName = ExercismSwift;
		};
		FDE58F6D2D946C92002618BD /* ExercismSwift */ = {
			isa = XCSwiftPackageProductDependency;
			productName = ExercismSwift;
		};
		FDE58F702D946CB2002618BD /* ExercismSwift */ = {
			isa = XCSwiftPackageProductDependency;
			productName = ExercismSwift;
		};
		FDE72BCC2D971D8D008BAA2F /* ExercismSwift */ = {
			isa = XCSwiftPackageProductDependency;
			productName = ExercismSwift;
		};
/* End XCSwiftPackageProductDependency section */
	};
	rootObject = E0C9672428732A44004CE7E6 /* Project object */;
}
