{
  "pins" : [
    {
      "identity" : "keychain-swift",
      "kind" : "remoteSourceControl",
      "location" : "https://github.com/evgenyneu/keychain-swift.git",
      "state" : {
        "branch" : "master",
        "revision" : "32a99b537d1c6f3529a08257c28a5feb70c0c5af"
      }
    },
    {
      "identity" : "sdwebimage",
      "kind" : "remoteSourceControl",
      "location" : "https://github.com/SDWebImage/SDWebImage.git",
      "state" : {
        "branch" : "master",
        "revision" : "3c7c949637cecb4eef79cd543309a2d5b261e46f"
      }
    },
    {
      "identity" : "sdwebimagesvgcoder",
      "kind" : "remoteSourceControl",
      "location" : "https://github.com/SDWebImage/SDWebImageSVGCoder.git",
      "state" : {
        "revision" : "afbe025cbdae37c20c144956fbabc07ddd5c0fc2",
        "version" : "1.6.1"
      }
    },
    {
      "identity" : "sdwebimageswiftui",
      "kind" : "remoteSourceControl",
      "location" : "https://github.com/SDWebImage/SDWebImageSwiftUI.git",
      "state" : {
        "branch" : "master",
        "revision" : "ed288667c909c89127ab1b690113a3e397af3098"
      }
    }
  ],
  "version" : 2
}
