{
  "pins" : [
    {
      "identity" : "codeeditor",
      "kind" : "remoteSourceControl",
      "location" : "https://github.com/ZeeZide/CodeEditor.git",
      "state" : {
        "revision" : "180bde07b44dea839b32873bd8586ba146fa9106",
        "version" : "1.2.2"
      }
    },
    {
      "identity" : "highlightr",
      "kind" : "remoteSourceControl",
      "location" : "https://github.com/raspu/Highlightr",
      "state" : {
        "revision" : "93199b9e434f04bda956a613af8f571933f9f037",
        "version" : "2.1.2"
      }
    },
    {
      "identity" : "keychain-swift",
      "kind" : "remoteSourceControl",
      "location" : "https://github.com/evgenyneu/keychain-swift.git",
      "state" : {
        "branch" : "master",
        "revision" : "e43f9b99b172ae6a7253047f8ba95c7a0b05b99f"
      }
    },
    {
      "identity" : "sdwebimage",
      "kind" : "remoteSourceControl",
      "location" : "https://github.com/SDWebImage/SDWebImage.git",
      "state" : {
        "branch" : "master",
        "revision" : "6c6b951845a520fa7e8356e28adb5339c0f008d3"
      }
    },
    {
      "identity" : "sdwebimagesvgcoder",
      "kind" : "remoteSourceControl",
      "location" : "https://github.com/SDWebImage/SDWebImageSVGCoder.git",
      "state" : {
        "revision" : "afbe025cbdae37c20c144956fbabc07ddd5c0fc2",
        "version" : "1.6.1"
      }
    },
    {
      "identity" : "sdwebimageswiftui",
      "kind" : "remoteSourceControl",
      "location" : "https://github.com/SDWebImage/SDWebImageSwiftUI.git",
      "state" : {
        "branch" : "master",
        "revision" : "61fefe9c284fd41ddef77d02749e88f00c305196"
      }
    },
    {
      "identity" : "splash",
      "kind" : "remoteSourceControl",
      "location" : "https://github.com/JohnSundell/Splash",
      "state" : {
        "revision" : "7f4df436eb78fe64fe2c32c58006e9949fa28ad8",
        "version" : "0.16.0"
      }
    },
    {
      "identity" : "swift-markdown-ui",
      "kind" : "remoteSourceControl",
      "location" : "https://github.com/gonzalezreal/swift-markdown-ui",
      "state" : {
        "revision" : "12b351a75201a8124c2f2e1f9fc6ef5cd812c0b9",
        "version" : "2.1.0"
      }
    }
  ],
  "version" : 2
}
